// !$*UTF8*$!
{
	archiveVersion = 1;
	classes = {
	};
	objectVersion = 46;
	objects = {

/* Begin PBXBuildFile section */
		6505236E1FB4940100E0B1B1 /* AESEncrypter.swift in Sources */ = {isa = PBXBuildFile; fileRef = 6505236D1FB4940100E0B1B1 /* AESEncrypter.swift */; };
		650523701FB494BE00E0B1B1 /* AESDecrypter.swift in Sources */ = {isa = PBXBuildFile; fileRef = 6505236F1FB494BE00E0B1B1 /* AESDecrypter.swift */; };
		65125A321FBF85FA007CF3AE /* JWSDeserializationTests.swift in Sources */ = {isa = PBXBuildFile; fileRef = 65125A311FBF85FA007CF3AE /* JWSDeserializationTests.swift */; };
		652C613A1FD99A3300578E2A /* JWSSigningInputTest.swift in Sources */ = {isa = PBXBuildFile; fileRef = 652C61391FD99A3300578E2A /* JWSSigningInputTest.swift */; };
		652F6DE91F73E6780002DEE0 /* Serializer.swift in Sources */ = {isa = PBXBuildFile; fileRef = 652F6DE81F73E6780002DEE0 /* Serializer.swift */; };
		6533552A1F8F6B6800A660C6 /* JWEHeader.swift in Sources */ = {isa = PBXBuildFile; fileRef = 653355291F8F6B6800A660C6 /* JWEHeader.swift */; };
		6533552E1F8FB61000A660C6 /* JWE.swift in Sources */ = {isa = PBXBuildFile; fileRef = 6533552D1F8FB61000A660C6 /* JWE.swift */; };
		65353F5D1F750A6A003E099B /* DataExtensions.swift in Sources */ = {isa = PBXBuildFile; fileRef = 65353F5C1F750A6A003E099B /* DataExtensions.swift */; };
		65617FCB1F90F8C700D8C743 /* Encrypter.swift in Sources */ = {isa = PBXBuildFile; fileRef = 65617FCA1F90F8C700D8C743 /* Encrypter.swift */; };
		65617FCD1F90FB7600D8C743 /* RSAEncrypter.swift in Sources */ = {isa = PBXBuildFile; fileRef = 65617FCC1F90FB7600D8C743 /* RSAEncrypter.swift */; };
		65676D8B1FC220C70031B26D /* JWEDeserializationTests.swift in Sources */ = {isa = PBXBuildFile; fileRef = 65676D8A1FC220C70031B26D /* JWEDeserializationTests.swift */; };
		6567F4DE1F98C8B50037ECB3 /* RSADecrypter.swift in Sources */ = {isa = PBXBuildFile; fileRef = 6567F4DD1F98C8B50037ECB3 /* RSADecrypter.swift */; };
		6571F6231F7BF786004D53C5 /* JWSHeader.swift in Sources */ = {isa = PBXBuildFile; fileRef = 6571F6221F7BF786004D53C5 /* JWSHeader.swift */; };
		6572C2F21F96428800D4186D /* Decrypter.swift in Sources */ = {isa = PBXBuildFile; fileRef = 6572C2F11F96428800D4186D /* Decrypter.swift */; };
		6587A12C20076F9200096DE8 /* JWKRSAParsingTests.swift in Sources */ = {isa = PBXBuildFile; fileRef = 6587A12B20076F9200096DE8 /* JWKRSAParsingTests.swift */; };
		6587A12E2007724000096DE8 /* JWKParser.swift in Sources */ = {isa = PBXBuildFile; fileRef = 6587A12D2007724000096DE8 /* JWKParser.swift */; };
		659553561FD6F07800A8756F /* CryptoFactory.swift in Sources */ = {isa = PBXBuildFile; fileRef = 659553551FD6F07800A8756F /* CryptoFactory.swift */; };
		65A77E941F7285A900A66DDE /* JOSEHeader.swift in Sources */ = {isa = PBXBuildFile; fileRef = 65A77E931F7285A900A66DDE /* JOSEHeader.swift */; };
		65A7A1991F7295F5009449E7 /* Payload.swift in Sources */ = {isa = PBXBuildFile; fileRef = 65A7A1981F7295F5009449E7 /* Payload.swift */; };
		65A9D3DC1F45CDD7004E0B61 /* SwiftJOSE.framework in Frameworks */ = {isa = PBXBuildFile; fileRef = 65FBFDE21F45CC7C005C7D68 /* SwiftJOSE.framework */; };
		65C7D92B1F472ACD000CCDB2 /* JWS.swift in Sources */ = {isa = PBXBuildFile; fileRef = 65C7D92A1F472ACD000CCDB2 /* JWS.swift */; };
		65C7D92D1F472B4D000CCDB2 /* Signer.swift in Sources */ = {isa = PBXBuildFile; fileRef = 65C7D92C1F472B4D000CCDB2 /* Signer.swift */; };
		65D1D0651F7A4DB3006377CD /* DataConvertible.swift in Sources */ = {isa = PBXBuildFile; fileRef = 65D1D0641F7A4DB3006377CD /* DataConvertible.swift */; };
		65D1D0671F7A878D006377CD /* Deserializer.swift in Sources */ = {isa = PBXBuildFile; fileRef = 65D1D0661F7A878D006377CD /* Deserializer.swift */; };
		65D8680F1F7CE35000769BBF /* RSAVerifier.swift in Sources */ = {isa = PBXBuildFile; fileRef = 65D8680E1F7CE35000769BBF /* RSAVerifier.swift */; };
		65D868111F7CEBA200769BBF /* Verifier.swift in Sources */ = {isa = PBXBuildFile; fileRef = 65D868101F7CEBA200769BBF /* Verifier.swift */; };
		65E733CC1FEBE8320009EAC6 /* JWKExtensions.swift in Sources */ = {isa = PBXBuildFile; fileRef = 65E733CB1FEBE8320009EAC6 /* JWKExtensions.swift */; };
		65E733CF1FEBE9910009EAC6 /* JWKParameterTests.swift in Sources */ = {isa = PBXBuildFile; fileRef = 65E733CE1FEBE9910009EAC6 /* JWKParameterTests.swift */; };
		65E733D11FEBF7960009EAC6 /* JWKParameters.swift in Sources */ = {isa = PBXBuildFile; fileRef = 65E733D01FEBF7960009EAC6 /* JWKParameters.swift */; };
		65E733D31FEBFDB30009EAC6 /* JWKtoJSONTests.swift in Sources */ = {isa = PBXBuildFile; fileRef = 65E733D21FEBFDB30009EAC6 /* JWKtoJSONTests.swift */; };
		65E733D51FEC031B0009EAC6 /* JWKRSAKeysTests.swift in Sources */ = {isa = PBXBuildFile; fileRef = 65E733D41FEC031B0009EAC6 /* JWKRSAKeysTests.swift */; };
		65E733D71FEC065B0009EAC6 /* SecKeyJWKBuilderTests.swift in Sources */ = {isa = PBXBuildFile; fileRef = 65E733D61FEC065B0009EAC6 /* SecKeyJWKBuilderTests.swift */; };
		65F44EB11FE2D941000C5EA0 /* JWK.swift in Sources */ = {isa = PBXBuildFile; fileRef = 65F44EB01FE2D941000C5EA0 /* JWK.swift */; };
		65F44EB31FE2E1C6000C5EA0 /* RSAKeys.swift in Sources */ = {isa = PBXBuildFile; fileRef = 65F44EB21FE2E1C6000C5EA0 /* RSAKeys.swift */; };
		65F44EB51FE2E33A000C5EA0 /* JWKBuilder.swift in Sources */ = {isa = PBXBuildFile; fileRef = 65F44EB41FE2E33A000C5EA0 /* JWKBuilder.swift */; };
		65F44EB71FE2E35D000C5EA0 /* SecKeyExtensions.swift in Sources */ = {isa = PBXBuildFile; fileRef = 65F44EB61FE2E35D000C5EA0 /* SecKeyExtensions.swift */; };
		65FABAEA1F4AC2D3006D7679 /* RSASigner.swift in Sources */ = {isa = PBXBuildFile; fileRef = 65FABAE91F4AC2D3006D7679 /* RSASigner.swift */; };
		65FBFDE71F45CC7C005C7D68 /* SwiftJOSE.h in Headers */ = {isa = PBXBuildFile; fileRef = 65FBFDE51F45CC7C005C7D68 /* SwiftJOSE.h */; settings = {ATTRIBUTES = (Public, ); }; };
		94066475B674C1AB5F16ADA2 /* Pods_SwiftJOSE.framework in Frameworks */ = {isa = PBXBuildFile; fileRef = 9DECA6A181B4CDDDFCFDAF73 /* Pods_SwiftJOSE.framework */; };
		C803EFE51FA77E3000B71335 /* JWSTests.swift in Sources */ = {isa = PBXBuildFile; fileRef = C803EFE41FA77E3000B71335 /* JWSTests.swift */; };
		C803EFE91FA7893A00B71335 /* JWSHeaderTests.swift in Sources */ = {isa = PBXBuildFile; fileRef = C803EFE81FA7893A00B71335 /* JWSHeaderTests.swift */; };
		C803EFED1FA8849C00B71335 /* JWETests.swift in Sources */ = {isa = PBXBuildFile; fileRef = C803EFEC1FA8849C00B71335 /* JWETests.swift */; };
		C803EFEF1FA884C100B71335 /* JWEHeaderTests.swift in Sources */ = {isa = PBXBuildFile; fileRef = C803EFEE1FA884C100B71335 /* JWEHeaderTests.swift */; };
		C803EFF31FA8A98F00B71335 /* DataExtensionTests.swift in Sources */ = {isa = PBXBuildFile; fileRef = C803EFF21FA8A98F00B71335 /* DataExtensionTests.swift */; };
		C81DD9241FD6A75E00026024 /* (null) in Sources */ = {isa = PBXBuildFile; };
		C81DD9261FD6F07F00026024 /* (null) in Sources */ = {isa = PBXBuildFile; };
		C81DD9281FD7096100026024 /* HMAC.swift in Sources */ = {isa = PBXBuildFile; fileRef = C81DD9271FD7096100026024 /* HMAC.swift */; };
		C81DD92A1FD7096B00026024 /* HMACTests.swift in Sources */ = {isa = PBXBuildFile; fileRef = C81DD9291FD7096B00026024 /* HMACTests.swift */; };
		C83070051FD1B7390068C5CB /* AESDecrypterTests.swift in Sources */ = {isa = PBXBuildFile; fileRef = C83070041FD1B7390068C5CB /* AESDecrypterTests.swift */; };
		C84BDE171FAB1CB60002B5D0 /* RSASignerTests.swift in Sources */ = {isa = PBXBuildFile; fileRef = C84BDE161FAB1CB60002B5D0 /* RSASignerTests.swift */; };
		C84BDE191FAB44BE0002B5D0 /* CryptoTestCase.swift in Sources */ = {isa = PBXBuildFile; fileRef = C84BDE181FAB44BE0002B5D0 /* CryptoTestCase.swift */; };
		C84BDE1B1FAB461B0002B5D0 /* TestKey.plist in Resources */ = {isa = PBXBuildFile; fileRef = C84BDE1A1FAB461B0002B5D0 /* TestKey.plist */; };
		C85012E31FE04E0C00EC49FA /* SecureRandom.swift in Sources */ = {isa = PBXBuildFile; fileRef = C85012E21FE04E0C00EC49FA /* SecureRandom.swift */; };
		C86AC8CB1FCEC20F0007E611 /* AESEncrypterTests.swift in Sources */ = {isa = PBXBuildFile; fileRef = C86AC8CA1FCEC20F0007E611 /* AESEncrypterTests.swift */; };
		C8A592401FC71586009CEFA6 /* RSADecrypterTests.swift in Sources */ = {isa = PBXBuildFile; fileRef = C8A5923F1FC71586009CEFA6 /* RSADecrypterTests.swift */; };
		C8EE14541FAC797500A616E4 /* RSAVerifierTests.swift in Sources */ = {isa = PBXBuildFile; fileRef = C8EE14531FAC797500A616E4 /* RSAVerifierTests.swift */; };
		C8F096501FC56B25000BEE4D /* RSAEncrypterTests.swift in Sources */ = {isa = PBXBuildFile; fileRef = C8F0964F1FC56B25000BEE4D /* RSAEncrypterTests.swift */; };
		E6B07CEB5774EA68B36DAF92 /* Pods_SwiftJOSE_Tests.framework in Frameworks */ = {isa = PBXBuildFile; fileRef = 53332AF2FE3B8C8CA241922B /* Pods_SwiftJOSE_Tests.framework */; };
/* End PBXBuildFile section */

/* Begin PBXContainerItemProxy section */
		65A9D3DD1F45CDD7004E0B61 /* PBXContainerItemProxy */ = {
			isa = PBXContainerItemProxy;
			containerPortal = 65FBFDD91F45CC7C005C7D68 /* Project object */;
			proxyType = 1;
			remoteGlobalIDString = 65FBFDE11F45CC7C005C7D68;
			remoteInfo = SwiftJOSE;
		};
/* End PBXContainerItemProxy section */

/* Begin PBXFileReference section */
		1F82BEAE5D32570EEEF39D74 /* Pods-SwiftJOSE-Tests.release.xcconfig */ = {isa = PBXFileReference; includeInIndex = 1; lastKnownFileType = text.xcconfig; name = "Pods-SwiftJOSE-Tests.release.xcconfig"; path = "Pods/Target Support Files/Pods-SwiftJOSE-Tests/Pods-SwiftJOSE-Tests.release.xcconfig"; sourceTree = "<group>"; };
		47B3C443DB125E58E0254BFE /* Pods-SwiftJOSE.release.xcconfig */ = {isa = PBXFileReference; includeInIndex = 1; lastKnownFileType = text.xcconfig; name = "Pods-SwiftJOSE.release.xcconfig"; path = "Pods/Target Support Files/Pods-SwiftJOSE/Pods-SwiftJOSE.release.xcconfig"; sourceTree = "<group>"; };
		53332AF2FE3B8C8CA241922B /* Pods_SwiftJOSE_Tests.framework */ = {isa = PBXFileReference; explicitFileType = wrapper.framework; includeInIndex = 0; path = Pods_SwiftJOSE_Tests.framework; sourceTree = BUILT_PRODUCTS_DIR; };
		6505236D1FB4940100E0B1B1 /* AESEncrypter.swift */ = {isa = PBXFileReference; lastKnownFileType = sourcecode.swift; path = AESEncrypter.swift; sourceTree = "<group>"; };
		6505236F1FB494BE00E0B1B1 /* AESDecrypter.swift */ = {isa = PBXFileReference; lastKnownFileType = sourcecode.swift; path = AESDecrypter.swift; sourceTree = "<group>"; };
		65125A311FBF85FA007CF3AE /* JWSDeserializationTests.swift */ = {isa = PBXFileReference; lastKnownFileType = sourcecode.swift; path = JWSDeserializationTests.swift; sourceTree = "<group>"; };
		652C61391FD99A3300578E2A /* JWSSigningInputTest.swift */ = {isa = PBXFileReference; lastKnownFileType = sourcecode.swift; path = JWSSigningInputTest.swift; sourceTree = "<group>"; };
		652F6DE81F73E6780002DEE0 /* Serializer.swift */ = {isa = PBXFileReference; lastKnownFileType = sourcecode.swift; path = Serializer.swift; sourceTree = "<group>"; };
		653355291F8F6B6800A660C6 /* JWEHeader.swift */ = {isa = PBXFileReference; lastKnownFileType = sourcecode.swift; path = JWEHeader.swift; sourceTree = "<group>"; };
		6533552D1F8FB61000A660C6 /* JWE.swift */ = {isa = PBXFileReference; lastKnownFileType = sourcecode.swift; path = JWE.swift; sourceTree = "<group>"; };
		65353F5C1F750A6A003E099B /* DataExtensions.swift */ = {isa = PBXFileReference; lastKnownFileType = sourcecode.swift; path = DataExtensions.swift; sourceTree = "<group>"; };
		65617FCA1F90F8C700D8C743 /* Encrypter.swift */ = {isa = PBXFileReference; lastKnownFileType = sourcecode.swift; path = Encrypter.swift; sourceTree = "<group>"; };
		65617FCC1F90FB7600D8C743 /* RSAEncrypter.swift */ = {isa = PBXFileReference; lastKnownFileType = sourcecode.swift; path = RSAEncrypter.swift; sourceTree = "<group>"; };
		65676D8A1FC220C70031B26D /* JWEDeserializationTests.swift */ = {isa = PBXFileReference; fileEncoding = 4; lastKnownFileType = sourcecode.swift; path = JWEDeserializationTests.swift; sourceTree = "<group>"; };
		6567F4DD1F98C8B50037ECB3 /* RSADecrypter.swift */ = {isa = PBXFileReference; lastKnownFileType = sourcecode.swift; path = RSADecrypter.swift; sourceTree = "<group>"; };
		6571F6221F7BF786004D53C5 /* JWSHeader.swift */ = {isa = PBXFileReference; lastKnownFileType = sourcecode.swift; path = JWSHeader.swift; sourceTree = "<group>"; };
		6572C2F11F96428800D4186D /* Decrypter.swift */ = {isa = PBXFileReference; lastKnownFileType = sourcecode.swift; path = Decrypter.swift; sourceTree = "<group>"; };
		6587A12B20076F9200096DE8 /* JWKRSAParsingTests.swift */ = {isa = PBXFileReference; lastKnownFileType = sourcecode.swift; path = JWKRSAParsingTests.swift; sourceTree = "<group>"; };
		6587A12D2007724000096DE8 /* JWKParser.swift */ = {isa = PBXFileReference; lastKnownFileType = sourcecode.swift; path = JWKParser.swift; sourceTree = "<group>"; };
		659553551FD6F07800A8756F /* CryptoFactory.swift */ = {isa = PBXFileReference; lastKnownFileType = sourcecode.swift; path = CryptoFactory.swift; sourceTree = "<group>"; };
		65A77E931F7285A900A66DDE /* JOSEHeader.swift */ = {isa = PBXFileReference; fileEncoding = 4; lastKnownFileType = sourcecode.swift; path = JOSEHeader.swift; sourceTree = "<group>"; };
		65A7A1981F7295F5009449E7 /* Payload.swift */ = {isa = PBXFileReference; lastKnownFileType = sourcecode.swift; path = Payload.swift; sourceTree = "<group>"; };
		65A9D3D71F45CDD7004E0B61 /* Tests.xctest */ = {isa = PBXFileReference; explicitFileType = wrapper.cfbundle; includeInIndex = 0; path = Tests.xctest; sourceTree = BUILT_PRODUCTS_DIR; };
		65A9D3DB1F45CDD7004E0B61 /* Info.plist */ = {isa = PBXFileReference; lastKnownFileType = text.plist.xml; path = Info.plist; sourceTree = "<group>"; };
		65C7D92A1F472ACD000CCDB2 /* JWS.swift */ = {isa = PBXFileReference; fileEncoding = 4; lastKnownFileType = sourcecode.swift; name = JWS.swift; path = SwiftJOSE/Sources/JWS.swift; sourceTree = SOURCE_ROOT; };
		65C7D92C1F472B4D000CCDB2 /* Signer.swift */ = {isa = PBXFileReference; fileEncoding = 4; lastKnownFileType = sourcecode.swift; name = Signer.swift; path = SwiftJOSE/Sources/Signer.swift; sourceTree = SOURCE_ROOT; };
		65D1D0641F7A4DB3006377CD /* DataConvertible.swift */ = {isa = PBXFileReference; lastKnownFileType = sourcecode.swift; path = DataConvertible.swift; sourceTree = "<group>"; };
		65D1D0661F7A878D006377CD /* Deserializer.swift */ = {isa = PBXFileReference; lastKnownFileType = sourcecode.swift; path = Deserializer.swift; sourceTree = "<group>"; };
		65D8680E1F7CE35000769BBF /* RSAVerifier.swift */ = {isa = PBXFileReference; lastKnownFileType = sourcecode.swift; path = RSAVerifier.swift; sourceTree = "<group>"; };
		65D868101F7CEBA200769BBF /* Verifier.swift */ = {isa = PBXFileReference; lastKnownFileType = sourcecode.swift; path = Verifier.swift; sourceTree = "<group>"; };
		65E733CB1FEBE8320009EAC6 /* JWKExtensions.swift */ = {isa = PBXFileReference; lastKnownFileType = sourcecode.swift; path = JWKExtensions.swift; sourceTree = "<group>"; };
		65E733CE1FEBE9910009EAC6 /* JWKParameterTests.swift */ = {isa = PBXFileReference; lastKnownFileType = sourcecode.swift; path = JWKParameterTests.swift; sourceTree = "<group>"; };
		65E733D01FEBF7960009EAC6 /* JWKParameters.swift */ = {isa = PBXFileReference; lastKnownFileType = sourcecode.swift; path = JWKParameters.swift; sourceTree = "<group>"; };
		65E733D21FEBFDB30009EAC6 /* JWKtoJSONTests.swift */ = {isa = PBXFileReference; lastKnownFileType = sourcecode.swift; path = JWKtoJSONTests.swift; sourceTree = "<group>"; };
		65E733D41FEC031B0009EAC6 /* JWKRSAKeysTests.swift */ = {isa = PBXFileReference; lastKnownFileType = sourcecode.swift; path = JWKRSAKeysTests.swift; sourceTree = "<group>"; };
		65E733D61FEC065B0009EAC6 /* SecKeyJWKBuilderTests.swift */ = {isa = PBXFileReference; lastKnownFileType = sourcecode.swift; path = SecKeyJWKBuilderTests.swift; sourceTree = "<group>"; };
		65F44EB01FE2D941000C5EA0 /* JWK.swift */ = {isa = PBXFileReference; lastKnownFileType = sourcecode.swift; path = JWK.swift; sourceTree = "<group>"; };
		65F44EB21FE2E1C6000C5EA0 /* RSAKeys.swift */ = {isa = PBXFileReference; lastKnownFileType = sourcecode.swift; path = RSAKeys.swift; sourceTree = "<group>"; };
		65F44EB41FE2E33A000C5EA0 /* JWKBuilder.swift */ = {isa = PBXFileReference; lastKnownFileType = sourcecode.swift; path = JWKBuilder.swift; sourceTree = "<group>"; };
		65F44EB61FE2E35D000C5EA0 /* SecKeyExtensions.swift */ = {isa = PBXFileReference; lastKnownFileType = sourcecode.swift; path = SecKeyExtensions.swift; sourceTree = "<group>"; };
		65FABAE91F4AC2D3006D7679 /* RSASigner.swift */ = {isa = PBXFileReference; fileEncoding = 4; lastKnownFileType = sourcecode.swift; name = RSASigner.swift; path = SwiftJOSE/Sources/RSASigner.swift; sourceTree = SOURCE_ROOT; };
		65FBFDE21F45CC7C005C7D68 /* SwiftJOSE.framework */ = {isa = PBXFileReference; explicitFileType = wrapper.framework; includeInIndex = 0; path = SwiftJOSE.framework; sourceTree = BUILT_PRODUCTS_DIR; };
		65FBFDE51F45CC7C005C7D68 /* SwiftJOSE.h */ = {isa = PBXFileReference; lastKnownFileType = sourcecode.c.h; path = SwiftJOSE.h; sourceTree = "<group>"; };
		65FBFDE61F45CC7C005C7D68 /* Info.plist */ = {isa = PBXFileReference; lastKnownFileType = text.plist.xml; path = Info.plist; sourceTree = "<group>"; };
		8DEE3DA71E77FC9F7BC021D9 /* Pods-SwiftJOSE-Tests.debug.xcconfig */ = {isa = PBXFileReference; includeInIndex = 1; lastKnownFileType = text.xcconfig; name = "Pods-SwiftJOSE-Tests.debug.xcconfig"; path = "Pods/Target Support Files/Pods-SwiftJOSE-Tests/Pods-SwiftJOSE-Tests.debug.xcconfig"; sourceTree = "<group>"; };
		9DECA6A181B4CDDDFCFDAF73 /* Pods_SwiftJOSE.framework */ = {isa = PBXFileReference; explicitFileType = wrapper.framework; includeInIndex = 0; path = Pods_SwiftJOSE.framework; sourceTree = BUILT_PRODUCTS_DIR; };
		C803EFE41FA77E3000B71335 /* JWSTests.swift */ = {isa = PBXFileReference; lastKnownFileType = sourcecode.swift; path = JWSTests.swift; sourceTree = "<group>"; };
		C803EFE81FA7893A00B71335 /* JWSHeaderTests.swift */ = {isa = PBXFileReference; lastKnownFileType = sourcecode.swift; path = JWSHeaderTests.swift; sourceTree = "<group>"; };
		C803EFEC1FA8849C00B71335 /* JWETests.swift */ = {isa = PBXFileReference; lastKnownFileType = sourcecode.swift; path = JWETests.swift; sourceTree = "<group>"; };
		C803EFEE1FA884C100B71335 /* JWEHeaderTests.swift */ = {isa = PBXFileReference; lastKnownFileType = sourcecode.swift; path = JWEHeaderTests.swift; sourceTree = "<group>"; };
		C803EFF21FA8A98F00B71335 /* DataExtensionTests.swift */ = {isa = PBXFileReference; lastKnownFileType = sourcecode.swift; path = DataExtensionTests.swift; sourceTree = "<group>"; };
		C81DD9271FD7096100026024 /* HMAC.swift */ = {isa = PBXFileReference; fileEncoding = 4; lastKnownFileType = sourcecode.swift; path = HMAC.swift; sourceTree = "<group>"; };
		C81DD9291FD7096B00026024 /* HMACTests.swift */ = {isa = PBXFileReference; fileEncoding = 4; lastKnownFileType = sourcecode.swift; path = HMACTests.swift; sourceTree = "<group>"; };
		C83070041FD1B7390068C5CB /* AESDecrypterTests.swift */ = {isa = PBXFileReference; lastKnownFileType = sourcecode.swift; path = AESDecrypterTests.swift; sourceTree = "<group>"; };
		C84BDE161FAB1CB60002B5D0 /* RSASignerTests.swift */ = {isa = PBXFileReference; lastKnownFileType = sourcecode.swift; path = RSASignerTests.swift; sourceTree = "<group>"; };
		C84BDE181FAB44BE0002B5D0 /* CryptoTestCase.swift */ = {isa = PBXFileReference; lastKnownFileType = sourcecode.swift; path = CryptoTestCase.swift; sourceTree = "<group>"; };
		C84BDE1A1FAB461B0002B5D0 /* TestKey.plist */ = {isa = PBXFileReference; lastKnownFileType = text.plist.xml; path = TestKey.plist; sourceTree = "<group>"; };
		C85012E21FE04E0C00EC49FA /* SecureRandom.swift */ = {isa = PBXFileReference; fileEncoding = 4; lastKnownFileType = sourcecode.swift; path = SecureRandom.swift; sourceTree = "<group>"; };
		C86AC8CA1FCEC20F0007E611 /* AESEncrypterTests.swift */ = {isa = PBXFileReference; fileEncoding = 4; lastKnownFileType = sourcecode.swift; path = AESEncrypterTests.swift; sourceTree = "<group>"; };
		C8A5923F1FC71586009CEFA6 /* RSADecrypterTests.swift */ = {isa = PBXFileReference; lastKnownFileType = sourcecode.swift; path = RSADecrypterTests.swift; sourceTree = "<group>"; };
		C8EE14531FAC797500A616E4 /* RSAVerifierTests.swift */ = {isa = PBXFileReference; lastKnownFileType = sourcecode.swift; path = RSAVerifierTests.swift; sourceTree = "<group>"; };
		C8F0964F1FC56B25000BEE4D /* RSAEncrypterTests.swift */ = {isa = PBXFileReference; lastKnownFileType = sourcecode.swift; path = RSAEncrypterTests.swift; sourceTree = "<group>"; };
		FA8792A4FB9F5AE49A01604D /* Pods-SwiftJOSE.debug.xcconfig */ = {isa = PBXFileReference; includeInIndex = 1; lastKnownFileType = text.xcconfig; name = "Pods-SwiftJOSE.debug.xcconfig"; path = "Pods/Target Support Files/Pods-SwiftJOSE/Pods-SwiftJOSE.debug.xcconfig"; sourceTree = "<group>"; };
/* End PBXFileReference section */

/* Begin PBXFrameworksBuildPhase section */
		65A9D3D41F45CDD7004E0B61 /* Frameworks */ = {
			isa = PBXFrameworksBuildPhase;
			buildActionMask = 2147483647;
			files = (
				65A9D3DC1F45CDD7004E0B61 /* SwiftJOSE.framework in Frameworks */,
				E6B07CEB5774EA68B36DAF92 /* Pods_SwiftJOSE_Tests.framework in Frameworks */,
			);
			runOnlyForDeploymentPostprocessing = 0;
		};
		65FBFDDE1F45CC7C005C7D68 /* Frameworks */ = {
			isa = PBXFrameworksBuildPhase;
			buildActionMask = 2147483647;
			files = (
				94066475B674C1AB5F16ADA2 /* Pods_SwiftJOSE.framework in Frameworks */,
			);
			runOnlyForDeploymentPostprocessing = 0;
		};
/* End PBXFrameworksBuildPhase section */

/* Begin PBXGroup section */
		65125A2C1FBF6B79007CF3AE /* JWS */ = {
			isa = PBXGroup;
			children = (
				652C61391FD99A3300578E2A /* JWSSigningInputTest.swift */,
				C803EFE81FA7893A00B71335 /* JWSHeaderTests.swift */,
				C803EFE41FA77E3000B71335 /* JWSTests.swift */,
				65125A311FBF85FA007CF3AE /* JWSDeserializationTests.swift */,
			);
			name = JWS;
			sourceTree = "<group>";
		};
		65125A2E1FBF6B9E007CF3AE /* JWE */ = {
			isa = PBXGroup;
			children = (
				65676D8A1FC220C70031B26D /* JWEDeserializationTests.swift */,
				C803EFEC1FA8849C00B71335 /* JWETests.swift */,
				C803EFEE1FA884C100B71335 /* JWEHeaderTests.swift */,
			);
			name = JWE;
			sourceTree = "<group>";
		};
		65125A2F1FBF6BAC007CF3AE /* Crypto */ = {
			isa = PBXGroup;
			children = (
				C81DD9291FD7096B00026024 /* HMACTests.swift */,
				C86AC8CA1FCEC20F0007E611 /* AESEncrypterTests.swift */,
				C83070041FD1B7390068C5CB /* AESDecrypterTests.swift */,
				C84BDE181FAB44BE0002B5D0 /* CryptoTestCase.swift */,
				C84BDE161FAB1CB60002B5D0 /* RSASignerTests.swift */,
				C8EE14531FAC797500A616E4 /* RSAVerifierTests.swift */,
				C8F0964F1FC56B25000BEE4D /* RSAEncrypterTests.swift */,
				C8A5923F1FC71586009CEFA6 /* RSADecrypterTests.swift */,
			);
			name = Crypto;
			sourceTree = "<group>";
		};
		65125A301FBF6BBA007CF3AE /* Common */ = {
			isa = PBXGroup;
			children = (
				C803EFF21FA8A98F00B71335 /* DataExtensionTests.swift */,
			);
			name = Common;
			sourceTree = "<group>";
		};
		653355281F8F6B4A00A660C6 /* JWE */ = {
			isa = PBXGroup;
			children = (
				653355291F8F6B6800A660C6 /* JWEHeader.swift */,
				6533552D1F8FB61000A660C6 /* JWE.swift */,
				65617FCA1F90F8C700D8C743 /* Encrypter.swift */,
				6572C2F11F96428800D4186D /* Decrypter.swift */,
			);
			name = JWE;
			sourceTree = "<group>";
		};
		6582C0BB1F4B09DC00B153D5 /* Common */ = {
			isa = PBXGroup;
			children = (
				65A77E931F7285A900A66DDE /* JOSEHeader.swift */,
				65A7A1981F7295F5009449E7 /* Payload.swift */,
				65353F5C1F750A6A003E099B /* DataExtensions.swift */,
				65D1D0641F7A4DB3006377CD /* DataConvertible.swift */,
				652F6DE81F73E6780002DEE0 /* Serializer.swift */,
				65D1D0661F7A878D006377CD /* Deserializer.swift */,
			);
			name = Common;
			sourceTree = "<group>";
		};
		65A9D3D81F45CDD7004E0B61 /* Tests */ = {
			isa = PBXGroup;
			children = (
				65125A301FBF6BBA007CF3AE /* Common */,
				65125A2F1FBF6BAC007CF3AE /* Crypto */,
				65125A2E1FBF6B9E007CF3AE /* JWE */,
				65125A2C1FBF6B79007CF3AE /* JWS */,
				65E733CD1FEBE9670009EAC6 /* JWK */,
				C84BDE1A1FAB461B0002B5D0 /* TestKey.plist */,
				65A9D3DB1F45CDD7004E0B61 /* Info.plist */,
			);
			path = Tests;
			sourceTree = "<group>";
		};
		65A9D3E21F45CDF1004E0B61 /* Sources */ = {
			isa = PBXGroup;
			children = (
				6582C0BB1F4B09DC00B153D5 /* Common */,
				65FABAEB1F4AD8FA006D7679 /* JWS */,
				653355281F8F6B4A00A660C6 /* JWE */,
				65E9CE201FE2AB06005DF679 /* JWK */,
				65FABAE81F4ABF61006D7679 /* Crypto */,
			);
			path = Sources;
			sourceTree = "<group>";
		};
		65A9D3E31F45CDF7004E0B61 /* Support */ = {
			isa = PBXGroup;
			children = (
				65FBFDE51F45CC7C005C7D68 /* SwiftJOSE.h */,
				65FBFDE61F45CC7C005C7D68 /* Info.plist */,
			);
			path = Support;
			sourceTree = "<group>";
		};
		65E733CD1FEBE9670009EAC6 /* JWK */ = {
			isa = PBXGroup;
			children = (
				65E733CE1FEBE9910009EAC6 /* JWKParameterTests.swift */,
				65E733D21FEBFDB30009EAC6 /* JWKtoJSONTests.swift */,
				65E733D41FEC031B0009EAC6 /* JWKRSAKeysTests.swift */,
				65E733D61FEC065B0009EAC6 /* SecKeyJWKBuilderTests.swift */,
				6587A12B20076F9200096DE8 /* JWKRSAParsingTests.swift */,
			);
			name = JWK;
			sourceTree = "<group>";
		};
		65E9CE201FE2AB06005DF679 /* JWK */ = {
			isa = PBXGroup;
			children = (
				65F44EB01FE2D941000C5EA0 /* JWK.swift */,
				65E733D01FEBF7960009EAC6 /* JWKParameters.swift */,
				65E733CB1FEBE8320009EAC6 /* JWKExtensions.swift */,
				65F44EB41FE2E33A000C5EA0 /* JWKBuilder.swift */,
				6587A12D2007724000096DE8 /* JWKParser.swift */,
				65F44EB21FE2E1C6000C5EA0 /* RSAKeys.swift */,
			);
			name = JWK;
			sourceTree = "<group>";
		};
		65FABAE81F4ABF61006D7679 /* Crypto */ = {
			isa = PBXGroup;
			children = (
				659553551FD6F07800A8756F /* CryptoFactory.swift */,
				65F44EB61FE2E35D000C5EA0 /* SecKeyExtensions.swift */,
				C85012E21FE04E0C00EC49FA /* SecureRandom.swift */,
				C81DD9271FD7096100026024 /* HMAC.swift */,
				65FABAE91F4AC2D3006D7679 /* RSASigner.swift */,
				65D8680E1F7CE35000769BBF /* RSAVerifier.swift */,
				65617FCC1F90FB7600D8C743 /* RSAEncrypter.swift */,
				6567F4DD1F98C8B50037ECB3 /* RSADecrypter.swift */,
				6505236D1FB4940100E0B1B1 /* AESEncrypter.swift */,
				6505236F1FB494BE00E0B1B1 /* AESDecrypter.swift */,
			);
			name = Crypto;
			sourceTree = "<group>";
		};
		65FABAEB1F4AD8FA006D7679 /* JWS */ = {
			isa = PBXGroup;
			children = (
				65C7D92A1F472ACD000CCDB2 /* JWS.swift */,
				6571F6221F7BF786004D53C5 /* JWSHeader.swift */,
				65C7D92C1F472B4D000CCDB2 /* Signer.swift */,
				65D868101F7CEBA200769BBF /* Verifier.swift */,
			);
			name = JWS;
			sourceTree = "<group>";
		};
		65FBFDD81F45CC7C005C7D68 = {
			isa = PBXGroup;
			children = (
				65FBFDE41F45CC7C005C7D68 /* SwiftJOSE */,
				65A9D3D81F45CDD7004E0B61 /* Tests */,
				65FBFDE31F45CC7C005C7D68 /* Products */,
				98CD4F950C09A29804160122 /* Pods */,
				EFC6ABCF19EB417879F9F20F /* Frameworks */,
			);
			sourceTree = "<group>";
		};
		65FBFDE31F45CC7C005C7D68 /* Products */ = {
			isa = PBXGroup;
			children = (
				65FBFDE21F45CC7C005C7D68 /* SwiftJOSE.framework */,
				65A9D3D71F45CDD7004E0B61 /* Tests.xctest */,
			);
			name = Products;
			sourceTree = "<group>";
		};
		65FBFDE41F45CC7C005C7D68 /* SwiftJOSE */ = {
			isa = PBXGroup;
			children = (
				65A9D3E31F45CDF7004E0B61 /* Support */,
				65A9D3E21F45CDF1004E0B61 /* Sources */,
			);
			path = SwiftJOSE;
			sourceTree = "<group>";
		};
		98CD4F950C09A29804160122 /* Pods */ = {
			isa = PBXGroup;
			children = (
				FA8792A4FB9F5AE49A01604D /* Pods-SwiftJOSE.debug.xcconfig */,
				47B3C443DB125E58E0254BFE /* Pods-SwiftJOSE.release.xcconfig */,
				8DEE3DA71E77FC9F7BC021D9 /* Pods-SwiftJOSE-Tests.debug.xcconfig */,
				1F82BEAE5D32570EEEF39D74 /* Pods-SwiftJOSE-Tests.release.xcconfig */,
			);
			name = Pods;
			sourceTree = "<group>";
		};
		EFC6ABCF19EB417879F9F20F /* Frameworks */ = {
			isa = PBXGroup;
			children = (
				9DECA6A181B4CDDDFCFDAF73 /* Pods_SwiftJOSE.framework */,
				53332AF2FE3B8C8CA241922B /* Pods_SwiftJOSE_Tests.framework */,
			);
			name = Frameworks;
			sourceTree = "<group>";
		};
/* End PBXGroup section */

/* Begin PBXHeadersBuildPhase section */
		65FBFDDF1F45CC7C005C7D68 /* Headers */ = {
			isa = PBXHeadersBuildPhase;
			buildActionMask = 2147483647;
			files = (
				65FBFDE71F45CC7C005C7D68 /* SwiftJOSE.h in Headers */,
			);
			runOnlyForDeploymentPostprocessing = 0;
		};
/* End PBXHeadersBuildPhase section */

/* Begin PBXNativeTarget section */
		65A9D3D61F45CDD7004E0B61 /* Tests */ = {
			isa = PBXNativeTarget;
			buildConfigurationList = 65A9D3E11F45CDD7004E0B61 /* Build configuration list for PBXNativeTarget "Tests" */;
			buildPhases = (
				DD9E71DE4FDA0322B0C9D7A6 /* [CP] Check Pods Manifest.lock */,
				65A9D3D31F45CDD7004E0B61 /* Sources */,
				65A9D3D41F45CDD7004E0B61 /* Frameworks */,
				65A9D3D51F45CDD7004E0B61 /* Resources */,
				C0E4A0A5BE256E37A253FA3D /* [CP] Embed Pods Frameworks */,
				46E4692F75A0B3E39B48DCC3 /* [CP] Copy Pods Resources */,
			);
			buildRules = (
			);
			dependencies = (
				65A9D3DE1F45CDD7004E0B61 /* PBXTargetDependency */,
			);
			name = Tests;
			productName = Tests;
			productReference = 65A9D3D71F45CDD7004E0B61 /* Tests.xctest */;
			productType = "com.apple.product-type.bundle.unit-test";
		};
		65FBFDE11F45CC7C005C7D68 /* SwiftJOSE */ = {
			isa = PBXNativeTarget;
			buildConfigurationList = 65FBFDEA1F45CC7C005C7D68 /* Build configuration list for PBXNativeTarget "SwiftJOSE" */;
			buildPhases = (
				F821846707BC7862A6A373A2 /* [CP] Check Pods Manifest.lock */,
				65FBFDDD1F45CC7C005C7D68 /* Sources */,
				65FBFDDE1F45CC7C005C7D68 /* Frameworks */,
				65FBFDDF1F45CC7C005C7D68 /* Headers */,
				65FBFDE01F45CC7C005C7D68 /* Resources */,
				D8626DA8D69F3FBFDC22D1F3 /* [CP] Copy Pods Resources */,
			);
			buildRules = (
			);
			dependencies = (
			);
			name = SwiftJOSE;
			productName = SwiftJOSE;
			productReference = 65FBFDE21F45CC7C005C7D68 /* SwiftJOSE.framework */;
			productType = "com.apple.product-type.framework";
		};
/* End PBXNativeTarget section */

/* Begin PBXProject section */
		65FBFDD91F45CC7C005C7D68 /* Project object */ = {
			isa = PBXProject;
			attributes = {
				LastSwiftUpdateCheck = 0830;
				LastUpgradeCheck = 0830;
				ORGANIZATIONNAME = "";
				TargetAttributes = {
					65A9D3D61F45CDD7004E0B61 = {
						CreatedOnToolsVersion = 8.3.3;
						DevelopmentTeam = 4857DE3DAC;
						ProvisioningStyle = Automatic;
					};
					65FBFDE11F45CC7C005C7D68 = {
						CreatedOnToolsVersion = 8.3.3;
						DevelopmentTeam = 4857DE3DAC;
						LastSwiftMigration = 0900;
						ProvisioningStyle = Automatic;
					};
				};
			};
			buildConfigurationList = 65FBFDDC1F45CC7C005C7D68 /* Build configuration list for PBXProject "SwiftJOSE" */;
			compatibilityVersion = "Xcode 3.2";
			developmentRegion = English;
			hasScannedForEncodings = 0;
			knownRegions = (
				en,
			);
			mainGroup = 65FBFDD81F45CC7C005C7D68;
			productRefGroup = 65FBFDE31F45CC7C005C7D68 /* Products */;
			projectDirPath = "";
			projectRoot = "";
			targets = (
				65FBFDE11F45CC7C005C7D68 /* SwiftJOSE */,
				65A9D3D61F45CDD7004E0B61 /* Tests */,
			);
		};
/* End PBXProject section */

/* Begin PBXResourcesBuildPhase section */
		65A9D3D51F45CDD7004E0B61 /* Resources */ = {
			isa = PBXResourcesBuildPhase;
			buildActionMask = 2147483647;
			files = (
				C84BDE1B1FAB461B0002B5D0 /* TestKey.plist in Resources */,
			);
			runOnlyForDeploymentPostprocessing = 0;
		};
		65FBFDE01F45CC7C005C7D68 /* Resources */ = {
			isa = PBXResourcesBuildPhase;
			buildActionMask = 2147483647;
			files = (
			);
			runOnlyForDeploymentPostprocessing = 0;
		};
/* End PBXResourcesBuildPhase section */

/* Begin PBXShellScriptBuildPhase section */
		46E4692F75A0B3E39B48DCC3 /* [CP] Copy Pods Resources */ = {
			isa = PBXShellScriptBuildPhase;
			buildActionMask = 2147483647;
			files = (
			);
			inputPaths = (
			);
			name = "[CP] Copy Pods Resources";
			outputPaths = (
			);
			runOnlyForDeploymentPostprocessing = 0;
			shellPath = /bin/sh;
			shellScript = "\"${SRCROOT}/Pods/Target Support Files/Pods-SwiftJOSE-Tests/Pods-SwiftJOSE-Tests-resources.sh\"\n";
			showEnvVarsInLog = 0;
		};
		C0E4A0A5BE256E37A253FA3D /* [CP] Embed Pods Frameworks */ = {
			isa = PBXShellScriptBuildPhase;
			buildActionMask = 2147483647;
			files = (
			);
			inputPaths = (
				"${SRCROOT}/Pods/Target Support Files/Pods-SwiftJOSE-Tests/Pods-SwiftJOSE-Tests-frameworks.sh",
				"${BUILT_PRODUCTS_DIR}/IDZSwiftCommonCrypto/IDZSwiftCommonCrypto.framework",
			);
			name = "[CP] Embed Pods Frameworks";
			outputPaths = (
				"${TARGET_BUILD_DIR}/${FRAMEWORKS_FOLDER_PATH}/IDZSwiftCommonCrypto.framework",
			);
			runOnlyForDeploymentPostprocessing = 0;
			shellPath = /bin/sh;
			shellScript = "\"${SRCROOT}/Pods/Target Support Files/Pods-SwiftJOSE-Tests/Pods-SwiftJOSE-Tests-frameworks.sh\"\n";
			showEnvVarsInLog = 0;
		};
		D8626DA8D69F3FBFDC22D1F3 /* [CP] Copy Pods Resources */ = {
			isa = PBXShellScriptBuildPhase;
			buildActionMask = 2147483647;
			files = (
			);
			inputPaths = (
			);
			name = "[CP] Copy Pods Resources";
			outputPaths = (
			);
			runOnlyForDeploymentPostprocessing = 0;
			shellPath = /bin/sh;
			shellScript = "\"${SRCROOT}/Pods/Target Support Files/Pods-SwiftJOSE/Pods-SwiftJOSE-resources.sh\"\n";
			showEnvVarsInLog = 0;
		};
		DD9E71DE4FDA0322B0C9D7A6 /* [CP] Check Pods Manifest.lock */ = {
			isa = PBXShellScriptBuildPhase;
			buildActionMask = 2147483647;
			files = (
			);
			inputPaths = (
				"${PODS_PODFILE_DIR_PATH}/Podfile.lock",
				"${PODS_ROOT}/Manifest.lock",
			);
			name = "[CP] Check Pods Manifest.lock";
			outputPaths = (
				"$(DERIVED_FILE_DIR)/Pods-SwiftJOSE-Tests-checkManifestLockResult.txt",
			);
			runOnlyForDeploymentPostprocessing = 0;
			shellPath = /bin/sh;
			shellScript = "diff \"${PODS_PODFILE_DIR_PATH}/Podfile.lock\" \"${PODS_ROOT}/Manifest.lock\" > /dev/null\nif [ $? != 0 ] ; then\n    # print error to STDERR\n    echo \"error: The sandbox is not in sync with the Podfile.lock. Run 'pod install' or update your CocoaPods installation.\" >&2\n    exit 1\nfi\n# This output is used by Xcode 'outputs' to avoid re-running this script phase.\necho \"SUCCESS\" > \"${SCRIPT_OUTPUT_FILE_0}\"\n";
			showEnvVarsInLog = 0;
		};
		F821846707BC7862A6A373A2 /* [CP] Check Pods Manifest.lock */ = {
			isa = PBXShellScriptBuildPhase;
			buildActionMask = 2147483647;
			files = (
			);
			inputPaths = (
				"${PODS_PODFILE_DIR_PATH}/Podfile.lock",
				"${PODS_ROOT}/Manifest.lock",
			);
			name = "[CP] Check Pods Manifest.lock";
			outputPaths = (
				"$(DERIVED_FILE_DIR)/Pods-SwiftJOSE-checkManifestLockResult.txt",
			);
			runOnlyForDeploymentPostprocessing = 0;
			shellPath = /bin/sh;
			shellScript = "diff \"${PODS_PODFILE_DIR_PATH}/Podfile.lock\" \"${PODS_ROOT}/Manifest.lock\" > /dev/null\nif [ $? != 0 ] ; then\n    # print error to STDERR\n    echo \"error: The sandbox is not in sync with the Podfile.lock. Run 'pod install' or update your CocoaPods installation.\" >&2\n    exit 1\nfi\n# This output is used by Xcode 'outputs' to avoid re-running this script phase.\necho \"SUCCESS\" > \"${SCRIPT_OUTPUT_FILE_0}\"\n";
			showEnvVarsInLog = 0;
		};
/* End PBXShellScriptBuildPhase section */

/* Begin PBXSourcesBuildPhase section */
		65A9D3D31F45CDD7004E0B61 /* Sources */ = {
			isa = PBXSourcesBuildPhase;
			buildActionMask = 2147483647;
			files = (
				C83070051FD1B7390068C5CB /* AESDecrypterTests.swift in Sources */,
				C803EFE91FA7893A00B71335 /* JWSHeaderTests.swift in Sources */,
				652C613A1FD99A3300578E2A /* JWSSigningInputTest.swift in Sources */,
				C8A592401FC71586009CEFA6 /* RSADecrypterTests.swift in Sources */,
				C803EFF31FA8A98F00B71335 /* DataExtensionTests.swift in Sources */,
				65676D8B1FC220C70031B26D /* JWEDeserializationTests.swift in Sources */,
				C803EFEF1FA884C100B71335 /* JWEHeaderTests.swift in Sources */,
				C81DD92A1FD7096B00026024 /* HMACTests.swift in Sources */,
				65E733D51FEC031B0009EAC6 /* JWKRSAKeysTests.swift in Sources */,
				65E733D71FEC065B0009EAC6 /* SecKeyJWKBuilderTests.swift in Sources */,
				65E733D31FEBFDB30009EAC6 /* JWKtoJSONTests.swift in Sources */,
				C803EFE51FA77E3000B71335 /* JWSTests.swift in Sources */,
				C84BDE191FAB44BE0002B5D0 /* CryptoTestCase.swift in Sources */,
				65E733CF1FEBE9910009EAC6 /* JWKParameterTests.swift in Sources */,
				C803EFED1FA8849C00B71335 /* JWETests.swift in Sources */,
				6587A12C20076F9200096DE8 /* JWKRSAParsingTests.swift in Sources */,
				C8F096501FC56B25000BEE4D /* RSAEncrypterTests.swift in Sources */,
				65125A321FBF85FA007CF3AE /* JWSDeserializationTests.swift in Sources */,
				C81DD9261FD6F07F00026024 /* (null) in Sources */,
				C84BDE171FAB1CB60002B5D0 /* RSASignerTests.swift in Sources */,
				C8EE14541FAC797500A616E4 /* RSAVerifierTests.swift in Sources */,
				C86AC8CB1FCEC20F0007E611 /* AESEncrypterTests.swift in Sources */,
			);
			runOnlyForDeploymentPostprocessing = 0;
		};
		65FBFDDD1F45CC7C005C7D68 /* Sources */ = {
			isa = PBXSourcesBuildPhase;
			buildActionMask = 2147483647;
			files = (
				65617FCD1F90FB7600D8C743 /* RSAEncrypter.swift in Sources */,
				65617FCB1F90F8C700D8C743 /* Encrypter.swift in Sources */,
				65E733CC1FEBE8320009EAC6 /* JWKExtensions.swift in Sources */,
				6572C2F21F96428800D4186D /* Decrypter.swift in Sources */,
				65D1D0671F7A878D006377CD /* Deserializer.swift in Sources */,
				65F44EB11FE2D941000C5EA0 /* JWK.swift in Sources */,
				6567F4DE1F98C8B50037ECB3 /* RSADecrypter.swift in Sources */,
				C85012E31FE04E0C00EC49FA /* SecureRandom.swift in Sources */,
				65F44EB31FE2E1C6000C5EA0 /* RSAKeys.swift in Sources */,
				65FABAEA1F4AC2D3006D7679 /* RSASigner.swift in Sources */,
				650523701FB494BE00E0B1B1 /* AESDecrypter.swift in Sources */,
				652F6DE91F73E6780002DEE0 /* Serializer.swift in Sources */,
				65C7D92B1F472ACD000CCDB2 /* JWS.swift in Sources */,
				65A7A1991F7295F5009449E7 /* Payload.swift in Sources */,
				65F44EB71FE2E35D000C5EA0 /* SecKeyExtensions.swift in Sources */,
				C81DD9281FD7096100026024 /* HMAC.swift in Sources */,
				6571F6231F7BF786004D53C5 /* JWSHeader.swift in Sources */,
				6587A12E2007724000096DE8 /* JWKParser.swift in Sources */,
				65D8680F1F7CE35000769BBF /* RSAVerifier.swift in Sources */,
				659553561FD6F07800A8756F /* CryptoFactory.swift in Sources */,
				6505236E1FB4940100E0B1B1 /* AESEncrypter.swift in Sources */,
				65F44EB51FE2E33A000C5EA0 /* JWKBuilder.swift in Sources */,
				65D1D0651F7A4DB3006377CD /* DataConvertible.swift in Sources */,
				6533552E1F8FB61000A660C6 /* JWE.swift in Sources */,
				65D868111F7CEBA200769BBF /* Verifier.swift in Sources */,
				65A77E941F7285A900A66DDE /* JOSEHeader.swift in Sources */,
				6533552A1F8F6B6800A660C6 /* JWEHeader.swift in Sources */,
				65353F5D1F750A6A003E099B /* DataExtensions.swift in Sources */,
				65E733D11FEBF7960009EAC6 /* JWKParameters.swift in Sources */,
				C81DD9241FD6A75E00026024 /* (null) in Sources */,
				65C7D92D1F472B4D000CCDB2 /* Signer.swift in Sources */,
			);
			runOnlyForDeploymentPostprocessing = 0;
		};
/* End PBXSourcesBuildPhase section */

/* Begin PBXTargetDependency section */
		65A9D3DE1F45CDD7004E0B61 /* PBXTargetDependency */ = {
			isa = PBXTargetDependency;
			target = 65FBFDE11F45CC7C005C7D68 /* SwiftJOSE */;
			targetProxy = 65A9D3DD1F45CDD7004E0B61 /* PBXContainerItemProxy */;
		};
/* End PBXTargetDependency section */

/* Begin XCBuildConfiguration section */
		65A9D3DF1F45CDD7004E0B61 /* Debug */ = {
			isa = XCBuildConfiguration;
			baseConfigurationReference = 8DEE3DA71E77FC9F7BC021D9 /* Pods-SwiftJOSE-Tests.debug.xcconfig */;
			buildSettings = {
				ALWAYS_EMBED_SWIFT_STANDARD_LIBRARIES = "$(inherited)";
				DEVELOPMENT_TEAM = 4857DE3DAC;
				INFOPLIST_FILE = Tests/Info.plist;
				LD_RUNPATH_SEARCH_PATHS = "$(inherited) @executable_path/Frameworks @loader_path/Frameworks $(PROJECT_DIR)/Pods";
				PRODUCT_BUNDLE_IDENTIFIER = com.airsidemobile.Tests;
				PRODUCT_NAME = "$(TARGET_NAME)";
				SWIFT_VERSION = 4.0;
			};
			name = Debug;
		};
		65A9D3E01F45CDD7004E0B61 /* Release */ = {
			isa = XCBuildConfiguration;
			baseConfigurationReference = 1F82BEAE5D32570EEEF39D74 /* Pods-SwiftJOSE-Tests.release.xcconfig */;
			buildSettings = {
				ALWAYS_EMBED_SWIFT_STANDARD_LIBRARIES = "$(inherited)";
				DEVELOPMENT_TEAM = 4857DE3DAC;
				INFOPLIST_FILE = Tests/Info.plist;
				LD_RUNPATH_SEARCH_PATHS = "$(inherited) @executable_path/Frameworks @loader_path/Frameworks $(PROJECT_DIR)/Pods";
				PRODUCT_BUNDLE_IDENTIFIER = com.airsidemobile.Tests;
				PRODUCT_NAME = "$(TARGET_NAME)";
				SWIFT_VERSION = 4.0;
			};
			name = Release;
		};
		65FBFDE81F45CC7C005C7D68 /* Debug */ = {
			isa = XCBuildConfiguration;
			buildSettings = {
				ALWAYS_EMBED_SWIFT_STANDARD_LIBRARIES = "$(inherited)";
				ALWAYS_SEARCH_USER_PATHS = NO;
				CLANG_ANALYZER_NONNULL = YES;
				CLANG_ANALYZER_NUMBER_OBJECT_CONVERSION = YES_AGGRESSIVE;
				CLANG_CXX_LANGUAGE_STANDARD = "gnu++0x";
				CLANG_CXX_LIBRARY = "libc++";
				CLANG_ENABLE_MODULES = YES;
				CLANG_ENABLE_OBJC_ARC = YES;
				CLANG_WARN_BOOL_CONVERSION = YES;
				CLANG_WARN_CONSTANT_CONVERSION = YES;
				CLANG_WARN_DIRECT_OBJC_ISA_USAGE = YES_ERROR;
				CLANG_WARN_DOCUMENTATION_COMMENTS = YES;
				CLANG_WARN_EMPTY_BODY = YES;
				CLANG_WARN_ENUM_CONVERSION = YES;
				CLANG_WARN_INFINITE_RECURSION = YES;
				CLANG_WARN_INT_CONVERSION = YES;
				CLANG_WARN_OBJC_ROOT_CLASS = YES_ERROR;
				CLANG_WARN_SUSPICIOUS_MOVE = YES;
				CLANG_WARN_UNREACHABLE_CODE = YES;
				CLANG_WARN__DUPLICATE_METHOD_MATCH = YES;
				"CODE_SIGN_IDENTITY[sdk=iphoneos*]" = "iPhone Developer";
				COPY_PHASE_STRIP = NO;
				CURRENT_PROJECT_VERSION = 1;
				DEBUG_INFORMATION_FORMAT = dwarf;
				ENABLE_STRICT_OBJC_MSGSEND = YES;
				ENABLE_TESTABILITY = YES;
				GCC_C_LANGUAGE_STANDARD = gnu99;
				GCC_DYNAMIC_NO_PIC = NO;
				GCC_NO_COMMON_BLOCKS = YES;
				GCC_OPTIMIZATION_LEVEL = 0;
				GCC_PREPROCESSOR_DEFINITIONS = (
					"DEBUG=1",
					"$(inherited)",
				);
				GCC_WARN_64_TO_32_BIT_CONVERSION = YES;
				GCC_WARN_ABOUT_RETURN_TYPE = YES_ERROR;
				GCC_WARN_UNDECLARED_SELECTOR = YES;
				GCC_WARN_UNINITIALIZED_AUTOS = YES_AGGRESSIVE;
				GCC_WARN_UNUSED_FUNCTION = YES;
				GCC_WARN_UNUSED_VARIABLE = YES;
				IPHONEOS_DEPLOYMENT_TARGET = 10.3;
				MTL_ENABLE_DEBUG_INFO = YES;
				ONLY_ACTIVE_ARCH = YES;
				SDKROOT = iphoneos;
				SWIFT_ACTIVE_COMPILATION_CONDITIONS = DEBUG;
				SWIFT_OPTIMIZATION_LEVEL = "-Onone";
				SWIFT_VERSION = 4.0;
				TARGETED_DEVICE_FAMILY = "1,2";
				VERSIONING_SYSTEM = "apple-generic";
				VERSION_INFO_PREFIX = "";
			};
			name = Debug;
		};
		65FBFDE91F45CC7C005C7D68 /* Release */ = {
			isa = XCBuildConfiguration;
			buildSettings = {
				ALWAYS_EMBED_SWIFT_STANDARD_LIBRARIES = "$(inherited)";
				ALWAYS_SEARCH_USER_PATHS = NO;
				CLANG_ANALYZER_NONNULL = YES;
				CLANG_ANALYZER_NUMBER_OBJECT_CONVERSION = YES_AGGRESSIVE;
				CLANG_CXX_LANGUAGE_STANDARD = "gnu++0x";
				CLANG_CXX_LIBRARY = "libc++";
				CLANG_ENABLE_MODULES = YES;
				CLANG_ENABLE_OBJC_ARC = YES;
				CLANG_WARN_BOOL_CONVERSION = YES;
				CLANG_WARN_CONSTANT_CONVERSION = YES;
				CLANG_WARN_DIRECT_OBJC_ISA_USAGE = YES_ERROR;
				CLANG_WARN_DOCUMENTATION_COMMENTS = YES;
				CLANG_WARN_EMPTY_BODY = YES;
				CLANG_WARN_ENUM_CONVERSION = YES;
				CLANG_WARN_INFINITE_RECURSION = YES;
				CLANG_WARN_INT_CONVERSION = YES;
				CLANG_WARN_OBJC_ROOT_CLASS = YES_ERROR;
				CLANG_WARN_SUSPICIOUS_MOVE = YES;
				CLANG_WARN_UNREACHABLE_CODE = YES;
				CLANG_WARN__DUPLICATE_METHOD_MATCH = YES;
				"CODE_SIGN_IDENTITY[sdk=iphoneos*]" = "iPhone Developer";
				COPY_PHASE_STRIP = NO;
				CURRENT_PROJECT_VERSION = 1;
				DEBUG_INFORMATION_FORMAT = "dwarf-with-dsym";
				ENABLE_NS_ASSERTIONS = NO;
				ENABLE_STRICT_OBJC_MSGSEND = YES;
				GCC_C_LANGUAGE_STANDARD = gnu99;
				GCC_NO_COMMON_BLOCKS = YES;
				GCC_WARN_64_TO_32_BIT_CONVERSION = YES;
				GCC_WARN_ABOUT_RETURN_TYPE = YES_ERROR;
				GCC_WARN_UNDECLARED_SELECTOR = YES;
				GCC_WARN_UNINITIALIZED_AUTOS = YES_AGGRESSIVE;
				GCC_WARN_UNUSED_FUNCTION = YES;
				GCC_WARN_UNUSED_VARIABLE = YES;
				IPHONEOS_DEPLOYMENT_TARGET = 10.3;
				MTL_ENABLE_DEBUG_INFO = NO;
				SDKROOT = iphoneos;
				SWIFT_OPTIMIZATION_LEVEL = "-Owholemodule";
				SWIFT_VERSION = 4.0;
				TARGETED_DEVICE_FAMILY = "1,2";
				VALIDATE_PRODUCT = YES;
				VERSIONING_SYSTEM = "apple-generic";
				VERSION_INFO_PREFIX = "";
			};
			name = Release;
		};
		65FBFDEB1F45CC7C005C7D68 /* Debug */ = {
			isa = XCBuildConfiguration;
			baseConfigurationReference = FA8792A4FB9F5AE49A01604D /* Pods-SwiftJOSE.debug.xcconfig */;
			buildSettings = {
				ALWAYS_EMBED_SWIFT_STANDARD_LIBRARIES = "$(inherited)";
				CLANG_ENABLE_MODULES = YES;
				CODE_SIGN_IDENTITY = "";
				DEFINES_MODULE = YES;
				DEVELOPMENT_TEAM = 4857DE3DAC;
				DYLIB_COMPATIBILITY_VERSION = 1;
				DYLIB_CURRENT_VERSION = 1;
				DYLIB_INSTALL_NAME_BASE = "@rpath";
				INFOPLIST_FILE = "$(SRCROOT)/SwiftJOSE/Support/Info.plist";
				INSTALL_PATH = "$(LOCAL_LIBRARY_DIR)/Frameworks";
				LD_RUNPATH_SEARCH_PATHS = "$(inherited) @executable_path/Frameworks @loader_path/Frameworks";
				PRODUCT_BUNDLE_IDENTIFIER = com.airsidemobile.SwiftJOSE;
				PRODUCT_NAME = "$(TARGET_NAME)";
				SKIP_INSTALL = YES;
				SWIFT_OPTIMIZATION_LEVEL = "-Onone";
				SWIFT_SWIFT3_OBJC_INFERENCE = On;
				SWIFT_VERSION = 4.0;
			};
			name = Debug;
		};
		65FBFDEC1F45CC7C005C7D68 /* Release */ = {
			isa = XCBuildConfiguration;
			baseConfigurationReference = 47B3C443DB125E58E0254BFE /* Pods-SwiftJOSE.release.xcconfig */;
			buildSettings = {
				ALWAYS_EMBED_SWIFT_STANDARD_LIBRARIES = "$(inherited)";
				CLANG_ENABLE_MODULES = YES;
				CODE_SIGN_IDENTITY = "";
				DEFINES_MODULE = YES;
				DEVELOPMENT_TEAM = 4857DE3DAC;
				DYLIB_COMPATIBILITY_VERSION = 1;
				DYLIB_CURRENT_VERSION = 1;
				DYLIB_INSTALL_NAME_BASE = "@rpath";
				INFOPLIST_FILE = "$(SRCROOT)/SwiftJOSE/Support/Info.plist";
				INSTALL_PATH = "$(LOCAL_LIBRARY_DIR)/Frameworks";
				LD_RUNPATH_SEARCH_PATHS = "$(inherited) @executable_path/Frameworks @loader_path/Frameworks";
				PRODUCT_BUNDLE_IDENTIFIER = com.airsidemobile.SwiftJOSE;
				PRODUCT_NAME = "$(TARGET_NAME)";
				SKIP_INSTALL = YES;
				SWIFT_SWIFT3_OBJC_INFERENCE = On;
				SWIFT_VERSION = 4.0;
			};
			name = Release;
		};
/* End XCBuildConfiguration section */

/* Begin XCConfigurationList section */
		65A9D3E11F45CDD7004E0B61 /* Build configuration list for PBXNativeTarget "Tests" */ = {
			isa = XCConfigurationList;
			buildConfigurations = (
				65A9D3DF1F45CDD7004E0B61 /* Debug */,
				65A9D3E01F45CDD7004E0B61 /* Release */,
			);
			defaultConfigurationIsVisible = 0;
			defaultConfigurationName = Release;
		};
		65FBFDDC1F45CC7C005C7D68 /* Build configuration list for PBXProject "SwiftJOSE" */ = {
			isa = XCConfigurationList;
			buildConfigurations = (
				65FBFDE81F45CC7C005C7D68 /* Debug */,
				65FBFDE91F45CC7C005C7D68 /* Release */,
			);
			defaultConfigurationIsVisible = 0;
			defaultConfigurationName = Release;
		};
		65FBFDEA1F45CC7C005C7D68 /* Build configuration list for PBXNativeTarget "SwiftJOSE" */ = {
			isa = XCConfigurationList;
			buildConfigurations = (
				65FBFDEB1F45CC7C005C7D68 /* Debug */,
				65FBFDEC1F45CC7C005C7D68 /* Release */,
			);
			defaultConfigurationIsVisible = 0;
			defaultConfigurationName = Release;
		};
/* End XCConfigurationList section */
	};
	rootObject = 65FBFDD91F45CC7C005C7D68 /* Project object */;
}
