// !$*UTF8*$!
{
	archiveVersion = 1;
	classes = {
	};
	objectVersion = 46;
	objects = {

/* Begin PBXBuildFile section */
		396DD6D1257FB068008353B9 /* ECDHKeyAgreement.swift in Sources */ = {isa = PBXBuildFile; fileRef = 396DD6D0257FB068008353B9 /* ECDHKeyAgreement.swift */; };
		396DD6D5257FB0E8008353B9 /* ECKeyEncryption.swift in Sources */ = {isa = PBXBuildFile; fileRef = 396DD6D4257FB0E8008353B9 /* ECKeyEncryption.swift */; };
		396DD6DF257FB13C008353B9 /* ECKeyPair.swift in Sources */ = {isa = PBXBuildFile; fileRef = 396DD6DE257FB13C008353B9 /* ECKeyPair.swift */; };
		396DD6E3257FB260008353B9 /* ECDHTests.swift in Sources */ = {isa = PBXBuildFile; fileRef = 396DD6E2257FB260008353B9 /* ECDHTests.swift */; };
		396DD6E7257FB2B5008353B9 /* JWEECTests.swift in Sources */ = {isa = PBXBuildFile; fileRef = 396DD6E6257FB2B5008353B9 /* JWEECTests.swift */; };
		5FB760497BB7711EFB470B5A /* ECKeys.swift in Sources */ = {isa = PBXBuildFile; fileRef = 5FB76A41AECF99F3673C1C40 /* ECKeys.swift */; };
		5FB76093CE81BF1F8E7C254A /* JWKECDecodingTests.swift in Sources */ = {isa = PBXBuildFile; fileRef = 5FB7625CF5EF5D8F2135967F /* JWKECDecodingTests.swift */; };
		5FB7628EC6EA2C4263853DE9 /* DataECPrivateKey.swift in Sources */ = {isa = PBXBuildFile; fileRef = 5FB7604267B94DC5091D7105 /* DataECPrivateKey.swift */; };
		5FB762CE28963B4780B33973 /* SecKeyECPublicKey.swift in Sources */ = {isa = PBXBuildFile; fileRef = 5FB76CEA2BD69C2AF38D2AFC /* SecKeyECPublicKey.swift */; };
		5FB762ED79A6159B5A9EDECC /* ECPrivateKeyToSecKeyTests.swift in Sources */ = {isa = PBXBuildFile; fileRef = 5FB763E289522DBBAEE02BCD /* ECPrivateKeyToSecKeyTests.swift */; };
		5FB763971FFFFDE2B2376E0A /* ECPublicKeyToSecKeyTests.swift in Sources */ = {isa = PBXBuildFile; fileRef = 5FB76E8AD96EA19B669A5E1D /* ECPublicKeyToSecKeyTests.swift */; };
		5FB763AFF6BE04E8A6AE4DFC /* DataECPublicKey.swift in Sources */ = {isa = PBXBuildFile; fileRef = 5FB763EED5A790CCC29F8771 /* DataECPublicKey.swift */; };
		5FB764055756A9190628BDDE /* ECKeyCodable.swift in Sources */ = {isa = PBXBuildFile; fileRef = 5FB76EBD36093E9EC475BC2B /* ECKeyCodable.swift */; };
		5FB7641E9D67F245F52F3A7E /* EC.swift in Sources */ = {isa = PBXBuildFile; fileRef = 5FB760DB390F90F91102DB74 /* EC.swift */; };
		5FB7652B8E15046DB1C78E81 /* ECSignerTests.swift in Sources */ = {isa = PBXBuildFile; fileRef = 5FB76B5896AAA87ACD56D0D0 /* ECSignerTests.swift */; };
		5FB7656EDD94AE3620A8C13C /* SecKeyECPrivateKeyTests.swift in Sources */ = {isa = PBXBuildFile; fileRef = 5FB76649DFE31DCBE92EFB58 /* SecKeyECPrivateKeyTests.swift */; };
		5FB7656FF300A4A3EF0F3597 /* DataECPrivateKeyTests.swift in Sources */ = {isa = PBXBuildFile; fileRef = 5FB767D110E592224B621B36 /* DataECPrivateKeyTests.swift */; };
		5FB765B20A256B93440E79E2 /* JWKECEncodingTests.swift in Sources */ = {isa = PBXBuildFile; fileRef = 5FB7680EDB5E39EA70E45F41 /* JWKECEncodingTests.swift */; };
		5FB765B31F9CC56B6E74E402 /* DataECPublicKeyTests.swift in Sources */ = {isa = PBXBuildFile; fileRef = 5FB7640AC5A4E021A5B6ADC0 /* DataECPublicKeyTests.swift */; };
		5FB7666062B4008362CC88FF /* ECPrivateKeyToDataTests.swift in Sources */ = {isa = PBXBuildFile; fileRef = 5FB7631E9F751B88036177DE /* ECPrivateKeyToDataTests.swift */; };
		5FB76834DC4275C5B7D2F742 /* JWSECTests.swift in Sources */ = {isa = PBXBuildFile; fileRef = 5FB765151D1E18BD7BFB95B8 /* JWSECTests.swift */; };
		5FB76902DBBBEBE867D17D94 /* RSACryptoTestCase.swift in Sources */ = {isa = PBXBuildFile; fileRef = 5FB7683476B521915FDB2248 /* RSACryptoTestCase.swift */; };
		5FB7692ED087062737C589E2 /* SecKeyECPublicKeyTests.swift in Sources */ = {isa = PBXBuildFile; fileRef = 5FB768D2A4CB1EC190A955A8 /* SecKeyECPublicKeyTests.swift */; };
		5FB769DC2B585672F9EC125A /* ECPublicKeyToDataTests.swift in Sources */ = {isa = PBXBuildFile; fileRef = 5FB765CE30E80B7C3D18FAB4 /* ECPublicKeyToDataTests.swift */; };
		5FB76AC31C9A627FB8626CF3 /* ECVerifierTests.swift in Sources */ = {isa = PBXBuildFile; fileRef = 5FB768A267E1A15571CC58AA /* ECVerifierTests.swift */; };
		5FB76B8D7F1214FF01FA1A8B /* ECVerifier.swift in Sources */ = {isa = PBXBuildFile; fileRef = 5FB767ECBB50E5A47C671DC1 /* ECVerifier.swift */; };
		5FB76BA2D0344083B8F79D53 /* SecKeyECPrivateKey.swift in Sources */ = {isa = PBXBuildFile; fileRef = 5FB76E4A3A52AAC72B1F33F0 /* SecKeyECPrivateKey.swift */; };
		5FB76E6F2080BEC6B63939D6 /* ECSigner.swift in Sources */ = {isa = PBXBuildFile; fileRef = 5FB76AF2833DDD77D56D6D3F /* ECSigner.swift */; };
		5FB76E7A42B44E4F4416CB7F /* JWKECKeysTests.swift in Sources */ = {isa = PBXBuildFile; fileRef = 5FB7688B4092265A9A950E9E /* JWKECKeysTests.swift */; };
		5FB76E7BEF001684139C9E14 /* ECCryptoTestCase.swift in Sources */ = {isa = PBXBuildFile; fileRef = 5FB76BD4F46045BF2B182483 /* ECCryptoTestCase.swift */; };
		612B0C94248E1C83009F1929 /* Thumbprint.swift in Sources */ = {isa = PBXBuildFile; fileRef = 612B0C93248E1C83009F1929 /* Thumbprint.swift */; };
		6501503723FBDB42000D7D0B /* AESKeyWrapKeyManagementModeTests.swift in Sources */ = {isa = PBXBuildFile; fileRef = 6501503623FBDB42000D7D0B /* AESKeyWrapKeyManagementModeTests.swift */; };
		6506D9E920F4CA2000F34DD8 /* SymmetricKeyTests.swift in Sources */ = {isa = PBXBuildFile; fileRef = 6506D9E820F4CA2000F34DD8 /* SymmetricKeyTests.swift */; };
		65125A321FBF85FA007CF3AE /* JWSDeserializationTests.swift in Sources */ = {isa = PBXBuildFile; fileRef = 65125A311FBF85FA007CF3AE /* JWSDeserializationTests.swift */; };
		6514ADC92031DD15008A4DD3 /* ASN1DEREncoding.swift in Sources */ = {isa = PBXBuildFile; fileRef = 6514ADC82031DD15008A4DD3 /* ASN1DEREncoding.swift */; };
		6514ADCB2031DD27008A4DD3 /* ASN1DEREncodingTests.swift in Sources */ = {isa = PBXBuildFile; fileRef = 6514ADCA2031DD27008A4DD3 /* ASN1DEREncodingTests.swift */; };
		652C613A1FD99A3300578E2A /* JWSSigningInputTest.swift in Sources */ = {isa = PBXBuildFile; fileRef = 652C61391FD99A3300578E2A /* JWSSigningInputTest.swift */; };
		652F6DE91F73E6780002DEE0 /* Serializer.swift in Sources */ = {isa = PBXBuildFile; fileRef = 652F6DE81F73E6780002DEE0 /* Serializer.swift */; };
		6533552A1F8F6B6800A660C6 /* JWEHeader.swift in Sources */ = {isa = PBXBuildFile; fileRef = 653355291F8F6B6800A660C6 /* JWEHeader.swift */; };
		6533552E1F8FB61000A660C6 /* JWE.swift in Sources */ = {isa = PBXBuildFile; fileRef = 6533552D1F8FB61000A660C6 /* JWE.swift */; };
		653365E520ECCB71002630D7 /* JWEDirectEncryptionTests.swift in Sources */ = {isa = PBXBuildFile; fileRef = 653365E420ECCB71002630D7 /* JWEDirectEncryptionTests.swift */; };
		65344C3E20F4CC9000FCBBA1 /* DataSymmetricKey.swift in Sources */ = {isa = PBXBuildFile; fileRef = 65344C3D20F4CC9000FCBBA1 /* DataSymmetricKey.swift */; };
		65353F5D1F750A6A003E099B /* DataExtensions.swift in Sources */ = {isa = PBXBuildFile; fileRef = 65353F5C1F750A6A003E099B /* DataExtensions.swift */; };
		653656072035D6C700A3AC3B /* JWKSetCollectionTests.swift in Sources */ = {isa = PBXBuildFile; fileRef = 653656062035D6C700A3AC3B /* JWKSetCollectionTests.swift */; };
		653656092035D86E00A3AC3B /* JWKSet.swift in Sources */ = {isa = PBXBuildFile; fileRef = 653656082035D86E00A3AC3B /* JWKSet.swift */; };
		6536560B2035DC3900A3AC3B /* JWKSetCodingTests.swift in Sources */ = {isa = PBXBuildFile; fileRef = 6536560A2035DC3900A3AC3B /* JWKSetCodingTests.swift */; };
		6536560D2035DF8300A3AC3B /* JWKSetCodable.swift in Sources */ = {isa = PBXBuildFile; fileRef = 6536560C2035DF8300A3AC3B /* JWKSetCodable.swift */; };
		6546D606203580C6007217FB /* JWKRSADecodingTests.swift in Sources */ = {isa = PBXBuildFile; fileRef = 6546D605203580C6007217FB /* JWKRSADecodingTests.swift */; };
		6546FB0F2029DD10002E421F /* SecKeyRSAPublicKey.swift in Sources */ = {isa = PBXBuildFile; fileRef = 6546FB0E2029DD10002E421F /* SecKeyRSAPublicKey.swift */; };
		6558164423F44E8D00EA5FEC /* DirectEncryptionMode.swift in Sources */ = {isa = PBXBuildFile; fileRef = 6558164323F44E8C00EA5FEC /* DirectEncryptionMode.swift */; };
		6558164A23F456F700EA5FEC /* KeyManagementMode.swift in Sources */ = {isa = PBXBuildFile; fileRef = 6558164923F456F700EA5FEC /* KeyManagementMode.swift */; };
		6558164D23F45CC200EA5FEC /* ContentEncryption.swift in Sources */ = {isa = PBXBuildFile; fileRef = 6558164C23F45CC200EA5FEC /* ContentEncryption.swift */; };
		6558165023F463C200EA5FEC /* AESCBCEncryption.swift in Sources */ = {isa = PBXBuildFile; fileRef = 6558164F23F463C200EA5FEC /* AESCBCEncryption.swift */; };
		65617FCB1F90F8C700D8C743 /* Encrypter.swift in Sources */ = {isa = PBXBuildFile; fileRef = 65617FCA1F90F8C700D8C743 /* Encrypter.swift */; };
		65617FCD1F90FB7600D8C743 /* RSAKeyEncryptionMode.swift in Sources */ = {isa = PBXBuildFile; fileRef = 65617FCC1F90FB7600D8C743 /* RSAKeyEncryptionMode.swift */; };
		65676D8B1FC220C70031B26D /* JWEDeserializationTests.swift in Sources */ = {isa = PBXBuildFile; fileRef = 65676D8A1FC220C70031B26D /* JWEDeserializationTests.swift */; };
		65684A4D2031935200E56C68 /* RSAPublicKeyToDataTests.swift in Sources */ = {isa = PBXBuildFile; fileRef = 65684A4C2031935200E56C68 /* RSAPublicKeyToDataTests.swift */; };
		65684A4F2031971A00E56C68 /* RSAPublicKeyToSecKeyTests.swift in Sources */ = {isa = PBXBuildFile; fileRef = 65684A4E2031971A00E56C68 /* RSAPublicKeyToSecKeyTests.swift */; };
		6571F6231F7BF786004D53C5 /* JWSHeader.swift in Sources */ = {isa = PBXBuildFile; fileRef = 6571F6221F7BF786004D53C5 /* JWSHeader.swift */; };
		6572C2F21F96428800D4186D /* Decrypter.swift in Sources */ = {isa = PBXBuildFile; fileRef = 6572C2F11F96428800D4186D /* Decrypter.swift */; };
		6575696D203EF9CE004A0EFD /* JWSValidationTests.swift in Sources */ = {isa = PBXBuildFile; fileRef = 6575696C203EF9CE004A0EFD /* JWSValidationTests.swift */; };
		657D0F7723FAE857004A7975 /* AESKeyWrappingMode.swift in Sources */ = {isa = PBXBuildFile; fileRef = 657D0F7623FAE857004A7975 /* AESKeyWrappingMode.swift */; };
		658261492029E2D200B594ED /* SecKeyRSAPublicKeyTests.swift in Sources */ = {isa = PBXBuildFile; fileRef = 658261482029E2D200B594ED /* SecKeyRSAPublicKeyTests.swift */; };
		6582614D2029E98A00B594ED /* DataRSAPublicKey.swift in Sources */ = {isa = PBXBuildFile; fileRef = 6582614C2029E98A00B594ED /* DataRSAPublicKey.swift */; };
		6582614F2029F2D100B594ED /* ASN1DERParsing.swift in Sources */ = {isa = PBXBuildFile; fileRef = 6582614E2029F2D100B594ED /* ASN1DERParsing.swift */; };
		65826AB22028696000AFFC46 /* RSAKeyCodable.swift in Sources */ = {isa = PBXBuildFile; fileRef = 65826AB12028696000AFFC46 /* RSAKeyCodable.swift */; };
		65826AB420286B3A00AFFC46 /* JWKRSAEncodingTests.swift in Sources */ = {isa = PBXBuildFile; fileRef = 65826AB320286B3A00AFFC46 /* JWKRSAEncodingTests.swift */; };
		658EE1AF23F4067D00B6E967 /* AlgorithmExtensions.swift in Sources */ = {isa = PBXBuildFile; fileRef = 658EE1AE23F4067D00B6E967 /* AlgorithmExtensions.swift */; };
		65A103A1202B03BB00D22BF5 /* ASN1DERParsingTests.swift in Sources */ = {isa = PBXBuildFile; fileRef = 65A103A0202B03BB00D22BF5 /* ASN1DERParsingTests.swift */; };
		65A103A3202B0CDF00D22BF5 /* DataRSAPublicKeyTests.swift in Sources */ = {isa = PBXBuildFile; fileRef = 65A103A2202B0CDF00D22BF5 /* DataRSAPublicKeyTests.swift */; };
		65A77E941F7285A900A66DDE /* JOSEHeader.swift in Sources */ = {isa = PBXBuildFile; fileRef = 65A77E931F7285A900A66DDE /* JOSEHeader.swift */; };
		65A7A1991F7295F5009449E7 /* Payload.swift in Sources */ = {isa = PBXBuildFile; fileRef = 65A7A1981F7295F5009449E7 /* Payload.swift */; };
		65A9D3DC1F45CDD7004E0B61 /* JOSESwift.framework in Frameworks */ = {isa = PBXBuildFile; fileRef = 65FBFDE21F45CC7C005C7D68 /* JOSESwift.framework */; };
		65A9EE4B20FDD7A900E9C566 /* EncrypterDecrypterInitializationTests.swift in Sources */ = {isa = PBXBuildFile; fileRef = 65A9EE4A20FDD7A900E9C566 /* EncrypterDecrypterInitializationTests.swift */; };
		65B5B93E23F55978009C8396 /* RSAKeyManagementModeTests.swift in Sources */ = {isa = PBXBuildFile; fileRef = 65B5B93D23F55978009C8396 /* RSAKeyManagementModeTests.swift */; };
		65B5B94023F5604A009C8396 /* DirectEncryptionKeyManagementModeTests.swift in Sources */ = {isa = PBXBuildFile; fileRef = 65B5B93F23F5604A009C8396 /* DirectEncryptionKeyManagementModeTests.swift */; };
		65D1D0651F7A4DB3006377CD /* DataConvertible.swift in Sources */ = {isa = PBXBuildFile; fileRef = 65D1D0641F7A4DB3006377CD /* DataConvertible.swift */; };
		65D1D0671F7A878D006377CD /* Deserializer.swift in Sources */ = {isa = PBXBuildFile; fileRef = 65D1D0661F7A878D006377CD /* Deserializer.swift */; };
		65D8680F1F7CE35000769BBF /* RSAVerifier.swift in Sources */ = {isa = PBXBuildFile; fileRef = 65D8680E1F7CE35000769BBF /* RSAVerifier.swift */; };
		65D868111F7CEBA200769BBF /* Verifier.swift in Sources */ = {isa = PBXBuildFile; fileRef = 65D868101F7CEBA200769BBF /* Verifier.swift */; };
		65D8E8E820F499EF0059506A /* SymmetricKeys.swift in Sources */ = {isa = PBXBuildFile; fileRef = 65D8E8E720F499EF0059506A /* SymmetricKeys.swift */; };
		65D8E8EA20F4AF880059506A /* SymmetricKeyCodable.swift in Sources */ = {isa = PBXBuildFile; fileRef = 65D8E8E920F4AF880059506A /* SymmetricKeyCodable.swift */; };
		65E733CC1FEBE8320009EAC6 /* JWKExtensions.swift in Sources */ = {isa = PBXBuildFile; fileRef = 65E733CB1FEBE8320009EAC6 /* JWKExtensions.swift */; };
		65E733D11FEBF7960009EAC6 /* JWKParameters.swift in Sources */ = {isa = PBXBuildFile; fileRef = 65E733D01FEBF7960009EAC6 /* JWKParameters.swift */; };
		65E733D31FEBFDB30009EAC6 /* JWKtoJSONTests.swift in Sources */ = {isa = PBXBuildFile; fileRef = 65E733D21FEBFDB30009EAC6 /* JWKtoJSONTests.swift */; };
		65E733D51FEC031B0009EAC6 /* JWKRSAKeysTests.swift in Sources */ = {isa = PBXBuildFile; fileRef = 65E733D41FEC031B0009EAC6 /* JWKRSAKeysTests.swift */; };
		65F2558E23FBE6E000A3FC44 /* JWEAESKeyWrapTests.swift in Sources */ = {isa = PBXBuildFile; fileRef = 65F2558D23FBE6E000A3FC44 /* JWEAESKeyWrapTests.swift */; };
		65F2559023FBE75300A3FC44 /* AESKeyWrapTests.swift in Sources */ = {isa = PBXBuildFile; fileRef = 65F2558F23FBE75300A3FC44 /* AESKeyWrapTests.swift */; };
		65F44EB11FE2D941000C5EA0 /* JWK.swift in Sources */ = {isa = PBXBuildFile; fileRef = 65F44EB01FE2D941000C5EA0 /* JWK.swift */; };
		65F44EB31FE2E1C6000C5EA0 /* RSAKeys.swift in Sources */ = {isa = PBXBuildFile; fileRef = 65F44EB21FE2E1C6000C5EA0 /* RSAKeys.swift */; };
		65FBFDE71F45CC7C005C7D68 /* JOSESwift.h in Headers */ = {isa = PBXBuildFile; fileRef = 65FBFDE51F45CC7C005C7D68 /* JOSESwift.h */; settings = {ATTRIBUTES = (Public, ); }; };
		7402BE932626FC4A0012801E /* HMACSigner.swift in Sources */ = {isa = PBXBuildFile; fileRef = 7402BE922626FC4A0012801E /* HMACSigner.swift */; };
		7402BE972626FC610012801E /* HMACVerifier.swift in Sources */ = {isa = PBXBuildFile; fileRef = 7402BE962626FC610012801E /* HMACVerifier.swift */; };
		7402BEA726274D390012801E /* HMACSignerTests.swift in Sources */ = {isa = PBXBuildFile; fileRef = 7402BEA626274D390012801E /* HMACSignerTests.swift */; };
		7402BEAB26274D430012801E /* HMACVerifierTests.swift in Sources */ = {isa = PBXBuildFile; fileRef = 7402BEAA26274D430012801E /* HMACVerifierTests.swift */; };
		7402BEAF26274DA40012801E /* HMACCryptoTestCase.swift in Sources */ = {isa = PBXBuildFile; fileRef = 7402BEAE26274DA40012801E /* HMACCryptoTestCase.swift */; };
		7402BEB526288DCD0012801E /* JWSHMACTests.swift in Sources */ = {isa = PBXBuildFile; fileRef = 7402BEB426288DCD0012801E /* JWSHMACTests.swift */; };
		8A30B8F822118FD0001834E3 /* DeflateWrapper.swift in Sources */ = {isa = PBXBuildFile; fileRef = 8A30B8F722118FD0001834E3 /* DeflateWrapper.swift */; };
		8A30B8FA22118FE6001834E3 /* JWECompressionTests.swift in Sources */ = {isa = PBXBuildFile; fileRef = 8A30B8F922118FE6001834E3 /* JWECompressionTests.swift */; };
		8A4B08B22213FF0600828536 /* Compressor.swift in Sources */ = {isa = PBXBuildFile; fileRef = 8A4B08B12213FF0600828536 /* Compressor.swift */; };
		9665A24722B0F3E100EAC14A /* ECAsn1IntegerConversionTests.swift in Sources */ = {isa = PBXBuildFile; fileRef = 9665A24622B0F3E100EAC14A /* ECAsn1IntegerConversionTests.swift */; };
		C803EFE51FA77E3000B71335 /* JWSRSATests.swift in Sources */ = {isa = PBXBuildFile; fileRef = C803EFE41FA77E3000B71335 /* JWSRSATests.swift */; };
		C803EFE91FA7893A00B71335 /* JWSHeaderTests.swift in Sources */ = {isa = PBXBuildFile; fileRef = C803EFE81FA7893A00B71335 /* JWSHeaderTests.swift */; };
		C803EFED1FA8849C00B71335 /* JWERSATests.swift in Sources */ = {isa = PBXBuildFile; fileRef = C803EFEC1FA8849C00B71335 /* JWERSATests.swift */; };
		C803EFEF1FA884C100B71335 /* JWEHeaderTests.swift in Sources */ = {isa = PBXBuildFile; fileRef = C803EFEE1FA884C100B71335 /* JWEHeaderTests.swift */; };
		C803EFF31FA8A98F00B71335 /* DataExtensionTests.swift in Sources */ = {isa = PBXBuildFile; fileRef = C803EFF21FA8A98F00B71335 /* DataExtensionTests.swift */; };
		C81DBD581FFE66E700ECF69E /* AES.swift in Sources */ = {isa = PBXBuildFile; fileRef = C81DBD571FFE66E700ECF69E /* AES.swift */; };
		C81DD9281FD7096100026024 /* HMAC.swift in Sources */ = {isa = PBXBuildFile; fileRef = C81DD9271FD7096100026024 /* HMAC.swift */; };
		C81DD92A1FD7096B00026024 /* HMACTests.swift in Sources */ = {isa = PBXBuildFile; fileRef = C81DD9291FD7096B00026024 /* HMACTests.swift */; };
		C83070051FD1B7390068C5CB /* AESCBCContentDecryptionTests.swift in Sources */ = {isa = PBXBuildFile; fileRef = C83070041FD1B7390068C5CB /* AESCBCContentDecryptionTests.swift */; };
		C84BDE171FAB1CB60002B5D0 /* RSASignerTests.swift in Sources */ = {isa = PBXBuildFile; fileRef = C84BDE161FAB1CB60002B5D0 /* RSASignerTests.swift */; };
		C84BDE191FAB44BE0002B5D0 /* CryptoTestCase.swift in Sources */ = {isa = PBXBuildFile; fileRef = C84BDE181FAB44BE0002B5D0 /* CryptoTestCase.swift */; };
		C84BDE1B1FAB461B0002B5D0 /* TestKeys.plist in Resources */ = {isa = PBXBuildFile; fileRef = C84BDE1A1FAB461B0002B5D0 /* TestKeys.plist */; };
		C85012E31FE04E0C00EC49FA /* SecureRandom.swift in Sources */ = {isa = PBXBuildFile; fileRef = C85012E21FE04E0C00EC49FA /* SecureRandom.swift */; };
		C85B1EF2204D82640026BDCB /* JWS.swift in Sources */ = {isa = PBXBuildFile; fileRef = C85B1EF1204D82640026BDCB /* JWS.swift */; };
		C85B1EF4204D82860026BDCB /* Signer.swift in Sources */ = {isa = PBXBuildFile; fileRef = C85B1EF3204D82860026BDCB /* Signer.swift */; };
		C85B1EF6204D82970026BDCB /* RSASigner.swift in Sources */ = {isa = PBXBuildFile; fileRef = C85B1EF5204D82970026BDCB /* RSASigner.swift */; };
		C8610F092029B15600859FCC /* Algorithms.swift in Sources */ = {isa = PBXBuildFile; fileRef = C8610F082029B15600859FCC /* Algorithms.swift */; };
		C8610F0B2029D21800859FCC /* RSA.swift in Sources */ = {isa = PBXBuildFile; fileRef = C8610F0A2029D21800859FCC /* RSA.swift */; };
		C86AC8CB1FCEC20F0007E611 /* AESCBCContentEncryptionTests.swift in Sources */ = {isa = PBXBuildFile; fileRef = C86AC8CA1FCEC20F0007E611 /* AESCBCContentEncryptionTests.swift */; };
		C86B876D203D857B00208387 /* JOSESwiftError.swift in Sources */ = {isa = PBXBuildFile; fileRef = C86B876C203D857B00208387 /* JOSESwiftError.swift */; };
		C8A592401FC71586009CEFA6 /* RSADecryptionTests.swift in Sources */ = {isa = PBXBuildFile; fileRef = C8A5923F1FC71586009CEFA6 /* RSADecryptionTests.swift */; };
		C8EE14541FAC797500A616E4 /* RSAVerifierTests.swift in Sources */ = {isa = PBXBuildFile; fileRef = C8EE14531FAC797500A616E4 /* RSAVerifierTests.swift */; };
		C8F096501FC56B25000BEE4D /* RSAEncryptionTests.swift in Sources */ = {isa = PBXBuildFile; fileRef = C8F0964F1FC56B25000BEE4D /* RSAEncryptionTests.swift */; };
/* End PBXBuildFile section */

/* Begin PBXContainerItemProxy section */
		65A9D3DD1F45CDD7004E0B61 /* PBXContainerItemProxy */ = {
			isa = PBXContainerItemProxy;
			containerPortal = 65FBFDD91F45CC7C005C7D68 /* Project object */;
			proxyType = 1;
			remoteGlobalIDString = 65FBFDE11F45CC7C005C7D68;
			remoteInfo = JOSESwift;
		};
/* End PBXContainerItemProxy section */

/* Begin PBXFileReference section */
		396DD6D0257FB068008353B9 /* ECDHKeyAgreement.swift */ = {isa = PBXFileReference; lastKnownFileType = sourcecode.swift; path = ECDHKeyAgreement.swift; sourceTree = "<group>"; };
		396DD6D4257FB0E8008353B9 /* ECKeyEncryption.swift */ = {isa = PBXFileReference; lastKnownFileType = sourcecode.swift; path = ECKeyEncryption.swift; sourceTree = "<group>"; };
		396DD6DE257FB13C008353B9 /* ECKeyPair.swift */ = {isa = PBXFileReference; lastKnownFileType = sourcecode.swift; path = ECKeyPair.swift; sourceTree = "<group>"; };
		396DD6E2257FB260008353B9 /* ECDHTests.swift */ = {isa = PBXFileReference; lastKnownFileType = sourcecode.swift; path = ECDHTests.swift; sourceTree = "<group>"; };
		396DD6E6257FB2B5008353B9 /* JWEECTests.swift */ = {isa = PBXFileReference; lastKnownFileType = sourcecode.swift; path = JWEECTests.swift; sourceTree = "<group>"; };
		5FB7604267B94DC5091D7105 /* DataECPrivateKey.swift */ = {isa = PBXFileReference; fileEncoding = 4; lastKnownFileType = sourcecode.swift; path = DataECPrivateKey.swift; sourceTree = "<group>"; };
		5FB760DB390F90F91102DB74 /* EC.swift */ = {isa = PBXFileReference; fileEncoding = 4; lastKnownFileType = sourcecode.swift; path = EC.swift; sourceTree = "<group>"; };
		5FB7625CF5EF5D8F2135967F /* JWKECDecodingTests.swift */ = {isa = PBXFileReference; fileEncoding = 4; lastKnownFileType = sourcecode.swift; path = JWKECDecodingTests.swift; sourceTree = "<group>"; };
		5FB7631E9F751B88036177DE /* ECPrivateKeyToDataTests.swift */ = {isa = PBXFileReference; fileEncoding = 4; lastKnownFileType = sourcecode.swift; path = ECPrivateKeyToDataTests.swift; sourceTree = "<group>"; };
		5FB763E289522DBBAEE02BCD /* ECPrivateKeyToSecKeyTests.swift */ = {isa = PBXFileReference; fileEncoding = 4; lastKnownFileType = sourcecode.swift; path = ECPrivateKeyToSecKeyTests.swift; sourceTree = "<group>"; };
		5FB763EED5A790CCC29F8771 /* DataECPublicKey.swift */ = {isa = PBXFileReference; fileEncoding = 4; lastKnownFileType = sourcecode.swift; path = DataECPublicKey.swift; sourceTree = "<group>"; };
		5FB7640AC5A4E021A5B6ADC0 /* DataECPublicKeyTests.swift */ = {isa = PBXFileReference; fileEncoding = 4; lastKnownFileType = sourcecode.swift; path = DataECPublicKeyTests.swift; sourceTree = "<group>"; };
		5FB765151D1E18BD7BFB95B8 /* JWSECTests.swift */ = {isa = PBXFileReference; fileEncoding = 4; lastKnownFileType = sourcecode.swift; path = JWSECTests.swift; sourceTree = "<group>"; };
		5FB765CE30E80B7C3D18FAB4 /* ECPublicKeyToDataTests.swift */ = {isa = PBXFileReference; fileEncoding = 4; lastKnownFileType = sourcecode.swift; path = ECPublicKeyToDataTests.swift; sourceTree = "<group>"; };
		5FB76649DFE31DCBE92EFB58 /* SecKeyECPrivateKeyTests.swift */ = {isa = PBXFileReference; fileEncoding = 4; lastKnownFileType = sourcecode.swift; path = SecKeyECPrivateKeyTests.swift; sourceTree = "<group>"; };
		5FB767D110E592224B621B36 /* DataECPrivateKeyTests.swift */ = {isa = PBXFileReference; fileEncoding = 4; lastKnownFileType = sourcecode.swift; path = DataECPrivateKeyTests.swift; sourceTree = "<group>"; };
		5FB767ECBB50E5A47C671DC1 /* ECVerifier.swift */ = {isa = PBXFileReference; fileEncoding = 4; lastKnownFileType = sourcecode.swift; path = ECVerifier.swift; sourceTree = "<group>"; };
		5FB7680EDB5E39EA70E45F41 /* JWKECEncodingTests.swift */ = {isa = PBXFileReference; fileEncoding = 4; lastKnownFileType = sourcecode.swift; path = JWKECEncodingTests.swift; sourceTree = "<group>"; };
		5FB7683476B521915FDB2248 /* RSACryptoTestCase.swift */ = {isa = PBXFileReference; fileEncoding = 4; lastKnownFileType = sourcecode.swift; path = RSACryptoTestCase.swift; sourceTree = "<group>"; };
		5FB7688B4092265A9A950E9E /* JWKECKeysTests.swift */ = {isa = PBXFileReference; fileEncoding = 4; lastKnownFileType = sourcecode.swift; path = JWKECKeysTests.swift; sourceTree = "<group>"; };
		5FB768A267E1A15571CC58AA /* ECVerifierTests.swift */ = {isa = PBXFileReference; fileEncoding = 4; lastKnownFileType = sourcecode.swift; path = ECVerifierTests.swift; sourceTree = "<group>"; };
		5FB768D2A4CB1EC190A955A8 /* SecKeyECPublicKeyTests.swift */ = {isa = PBXFileReference; fileEncoding = 4; lastKnownFileType = sourcecode.swift; path = SecKeyECPublicKeyTests.swift; sourceTree = "<group>"; };
		5FB76A41AECF99F3673C1C40 /* ECKeys.swift */ = {isa = PBXFileReference; fileEncoding = 4; lastKnownFileType = sourcecode.swift; path = ECKeys.swift; sourceTree = "<group>"; };
		5FB76AF2833DDD77D56D6D3F /* ECSigner.swift */ = {isa = PBXFileReference; fileEncoding = 4; lastKnownFileType = sourcecode.swift; path = ECSigner.swift; sourceTree = "<group>"; };
		5FB76B5896AAA87ACD56D0D0 /* ECSignerTests.swift */ = {isa = PBXFileReference; fileEncoding = 4; lastKnownFileType = sourcecode.swift; path = ECSignerTests.swift; sourceTree = "<group>"; };
		5FB76BD4F46045BF2B182483 /* ECCryptoTestCase.swift */ = {isa = PBXFileReference; fileEncoding = 4; lastKnownFileType = sourcecode.swift; path = ECCryptoTestCase.swift; sourceTree = "<group>"; };
		5FB76CEA2BD69C2AF38D2AFC /* SecKeyECPublicKey.swift */ = {isa = PBXFileReference; fileEncoding = 4; lastKnownFileType = sourcecode.swift; path = SecKeyECPublicKey.swift; sourceTree = "<group>"; };
		5FB76E4A3A52AAC72B1F33F0 /* SecKeyECPrivateKey.swift */ = {isa = PBXFileReference; fileEncoding = 4; lastKnownFileType = sourcecode.swift; path = SecKeyECPrivateKey.swift; sourceTree = "<group>"; };
		5FB76E8AD96EA19B669A5E1D /* ECPublicKeyToSecKeyTests.swift */ = {isa = PBXFileReference; fileEncoding = 4; lastKnownFileType = sourcecode.swift; path = ECPublicKeyToSecKeyTests.swift; sourceTree = "<group>"; };
		5FB76EBD36093E9EC475BC2B /* ECKeyCodable.swift */ = {isa = PBXFileReference; fileEncoding = 4; lastKnownFileType = sourcecode.swift; path = ECKeyCodable.swift; sourceTree = "<group>"; };
		612B0C93248E1C83009F1929 /* Thumbprint.swift */ = {isa = PBXFileReference; lastKnownFileType = sourcecode.swift; path = Thumbprint.swift; sourceTree = "<group>"; };
		6501503623FBDB42000D7D0B /* AESKeyWrapKeyManagementModeTests.swift */ = {isa = PBXFileReference; lastKnownFileType = sourcecode.swift; path = AESKeyWrapKeyManagementModeTests.swift; sourceTree = "<group>"; };
		6506D9E820F4CA2000F34DD8 /* SymmetricKeyTests.swift */ = {isa = PBXFileReference; lastKnownFileType = sourcecode.swift; path = SymmetricKeyTests.swift; sourceTree = "<group>"; };
		65125A311FBF85FA007CF3AE /* JWSDeserializationTests.swift */ = {isa = PBXFileReference; lastKnownFileType = sourcecode.swift; path = JWSDeserializationTests.swift; sourceTree = "<group>"; };
		6514ADC82031DD15008A4DD3 /* ASN1DEREncoding.swift */ = {isa = PBXFileReference; fileEncoding = 4; lastKnownFileType = sourcecode.swift; path = ASN1DEREncoding.swift; sourceTree = "<group>"; };
		6514ADCA2031DD27008A4DD3 /* ASN1DEREncodingTests.swift */ = {isa = PBXFileReference; fileEncoding = 4; lastKnownFileType = sourcecode.swift; path = ASN1DEREncodingTests.swift; sourceTree = "<group>"; };
		652C61391FD99A3300578E2A /* JWSSigningInputTest.swift */ = {isa = PBXFileReference; lastKnownFileType = sourcecode.swift; path = JWSSigningInputTest.swift; sourceTree = "<group>"; };
		652F6DE81F73E6780002DEE0 /* Serializer.swift */ = {isa = PBXFileReference; lastKnownFileType = sourcecode.swift; path = Serializer.swift; sourceTree = "<group>"; };
		653355291F8F6B6800A660C6 /* JWEHeader.swift */ = {isa = PBXFileReference; lastKnownFileType = sourcecode.swift; path = JWEHeader.swift; sourceTree = "<group>"; };
		6533552D1F8FB61000A660C6 /* JWE.swift */ = {isa = PBXFileReference; lastKnownFileType = sourcecode.swift; path = JWE.swift; sourceTree = "<group>"; };
		653365E420ECCB71002630D7 /* JWEDirectEncryptionTests.swift */ = {isa = PBXFileReference; lastKnownFileType = sourcecode.swift; path = JWEDirectEncryptionTests.swift; sourceTree = "<group>"; };
		65344C3D20F4CC9000FCBBA1 /* DataSymmetricKey.swift */ = {isa = PBXFileReference; lastKnownFileType = sourcecode.swift; path = DataSymmetricKey.swift; sourceTree = "<group>"; };
		65353F5C1F750A6A003E099B /* DataExtensions.swift */ = {isa = PBXFileReference; lastKnownFileType = sourcecode.swift; path = DataExtensions.swift; sourceTree = "<group>"; };
		653656062035D6C700A3AC3B /* JWKSetCollectionTests.swift */ = {isa = PBXFileReference; lastKnownFileType = sourcecode.swift; path = JWKSetCollectionTests.swift; sourceTree = "<group>"; };
		653656082035D86E00A3AC3B /* JWKSet.swift */ = {isa = PBXFileReference; lastKnownFileType = sourcecode.swift; path = JWKSet.swift; sourceTree = "<group>"; };
		6536560A2035DC3900A3AC3B /* JWKSetCodingTests.swift */ = {isa = PBXFileReference; lastKnownFileType = sourcecode.swift; path = JWKSetCodingTests.swift; sourceTree = "<group>"; };
		6536560C2035DF8300A3AC3B /* JWKSetCodable.swift */ = {isa = PBXFileReference; lastKnownFileType = sourcecode.swift; path = JWKSetCodable.swift; sourceTree = "<group>"; };
		6546D605203580C6007217FB /* JWKRSADecodingTests.swift */ = {isa = PBXFileReference; fileEncoding = 4; lastKnownFileType = sourcecode.swift; path = JWKRSADecodingTests.swift; sourceTree = "<group>"; };
		6546FB0E2029DD10002E421F /* SecKeyRSAPublicKey.swift */ = {isa = PBXFileReference; lastKnownFileType = sourcecode.swift; path = SecKeyRSAPublicKey.swift; sourceTree = "<group>"; };
		6558164323F44E8C00EA5FEC /* DirectEncryptionMode.swift */ = {isa = PBXFileReference; lastKnownFileType = sourcecode.swift; path = DirectEncryptionMode.swift; sourceTree = "<group>"; };
		6558164923F456F700EA5FEC /* KeyManagementMode.swift */ = {isa = PBXFileReference; lastKnownFileType = sourcecode.swift; path = KeyManagementMode.swift; sourceTree = "<group>"; };
		6558164C23F45CC200EA5FEC /* ContentEncryption.swift */ = {isa = PBXFileReference; lastKnownFileType = sourcecode.swift; path = ContentEncryption.swift; sourceTree = "<group>"; };
		6558164F23F463C200EA5FEC /* AESCBCEncryption.swift */ = {isa = PBXFileReference; lastKnownFileType = sourcecode.swift; path = AESCBCEncryption.swift; sourceTree = "<group>"; };
		65617FCA1F90F8C700D8C743 /* Encrypter.swift */ = {isa = PBXFileReference; lastKnownFileType = sourcecode.swift; path = Encrypter.swift; sourceTree = "<group>"; };
		65617FCC1F90FB7600D8C743 /* RSAKeyEncryptionMode.swift */ = {isa = PBXFileReference; lastKnownFileType = sourcecode.swift; path = RSAKeyEncryptionMode.swift; sourceTree = "<group>"; };
		65676D8A1FC220C70031B26D /* JWEDeserializationTests.swift */ = {isa = PBXFileReference; fileEncoding = 4; lastKnownFileType = sourcecode.swift; path = JWEDeserializationTests.swift; sourceTree = "<group>"; };
		65684A4C2031935200E56C68 /* RSAPublicKeyToDataTests.swift */ = {isa = PBXFileReference; lastKnownFileType = sourcecode.swift; path = RSAPublicKeyToDataTests.swift; sourceTree = "<group>"; };
		65684A4E2031971A00E56C68 /* RSAPublicKeyToSecKeyTests.swift */ = {isa = PBXFileReference; lastKnownFileType = sourcecode.swift; path = RSAPublicKeyToSecKeyTests.swift; sourceTree = "<group>"; };
		6571F6221F7BF786004D53C5 /* JWSHeader.swift */ = {isa = PBXFileReference; lastKnownFileType = sourcecode.swift; path = JWSHeader.swift; sourceTree = "<group>"; };
		6572C2F11F96428800D4186D /* Decrypter.swift */ = {isa = PBXFileReference; lastKnownFileType = sourcecode.swift; path = Decrypter.swift; sourceTree = "<group>"; };
		6575696C203EF9CE004A0EFD /* JWSValidationTests.swift */ = {isa = PBXFileReference; lastKnownFileType = sourcecode.swift; path = JWSValidationTests.swift; sourceTree = "<group>"; };
		657D0F7623FAE857004A7975 /* AESKeyWrappingMode.swift */ = {isa = PBXFileReference; lastKnownFileType = sourcecode.swift; path = AESKeyWrappingMode.swift; sourceTree = "<group>"; };
		658261482029E2D200B594ED /* SecKeyRSAPublicKeyTests.swift */ = {isa = PBXFileReference; lastKnownFileType = sourcecode.swift; path = SecKeyRSAPublicKeyTests.swift; sourceTree = "<group>"; };
		6582614C2029E98A00B594ED /* DataRSAPublicKey.swift */ = {isa = PBXFileReference; lastKnownFileType = sourcecode.swift; path = DataRSAPublicKey.swift; sourceTree = "<group>"; };
		6582614E2029F2D100B594ED /* ASN1DERParsing.swift */ = {isa = PBXFileReference; lastKnownFileType = sourcecode.swift; path = ASN1DERParsing.swift; sourceTree = "<group>"; };
		65826AB12028696000AFFC46 /* RSAKeyCodable.swift */ = {isa = PBXFileReference; lastKnownFileType = sourcecode.swift; path = RSAKeyCodable.swift; sourceTree = "<group>"; };
		65826AB320286B3A00AFFC46 /* JWKRSAEncodingTests.swift */ = {isa = PBXFileReference; lastKnownFileType = sourcecode.swift; path = JWKRSAEncodingTests.swift; sourceTree = "<group>"; };
		658EE1AE23F4067D00B6E967 /* AlgorithmExtensions.swift */ = {isa = PBXFileReference; lastKnownFileType = sourcecode.swift; path = AlgorithmExtensions.swift; sourceTree = "<group>"; };
		65A103A0202B03BB00D22BF5 /* ASN1DERParsingTests.swift */ = {isa = PBXFileReference; lastKnownFileType = sourcecode.swift; path = ASN1DERParsingTests.swift; sourceTree = "<group>"; };
		65A103A2202B0CDF00D22BF5 /* DataRSAPublicKeyTests.swift */ = {isa = PBXFileReference; lastKnownFileType = sourcecode.swift; path = DataRSAPublicKeyTests.swift; sourceTree = "<group>"; };
		65A77E931F7285A900A66DDE /* JOSEHeader.swift */ = {isa = PBXFileReference; fileEncoding = 4; lastKnownFileType = sourcecode.swift; path = JOSEHeader.swift; sourceTree = "<group>"; };
		65A7A1981F7295F5009449E7 /* Payload.swift */ = {isa = PBXFileReference; lastKnownFileType = sourcecode.swift; path = Payload.swift; sourceTree = "<group>"; };
		65A9D3D71F45CDD7004E0B61 /* Tests.xctest */ = {isa = PBXFileReference; explicitFileType = wrapper.cfbundle; includeInIndex = 0; path = Tests.xctest; sourceTree = BUILT_PRODUCTS_DIR; };
		65A9D3DB1F45CDD7004E0B61 /* Info.plist */ = {isa = PBXFileReference; lastKnownFileType = text.plist.xml; path = Info.plist; sourceTree = "<group>"; };
		65A9EE4A20FDD7A900E9C566 /* EncrypterDecrypterInitializationTests.swift */ = {isa = PBXFileReference; lastKnownFileType = sourcecode.swift; path = EncrypterDecrypterInitializationTests.swift; sourceTree = "<group>"; };
		65B5B93D23F55978009C8396 /* RSAKeyManagementModeTests.swift */ = {isa = PBXFileReference; lastKnownFileType = sourcecode.swift; path = RSAKeyManagementModeTests.swift; sourceTree = "<group>"; };
		65B5B93F23F5604A009C8396 /* DirectEncryptionKeyManagementModeTests.swift */ = {isa = PBXFileReference; fileEncoding = 4; lastKnownFileType = sourcecode.swift; path = DirectEncryptionKeyManagementModeTests.swift; sourceTree = "<group>"; };
		65D1D0641F7A4DB3006377CD /* DataConvertible.swift */ = {isa = PBXFileReference; lastKnownFileType = sourcecode.swift; path = DataConvertible.swift; sourceTree = "<group>"; };
		65D1D0661F7A878D006377CD /* Deserializer.swift */ = {isa = PBXFileReference; lastKnownFileType = sourcecode.swift; path = Deserializer.swift; sourceTree = "<group>"; };
		65D8680E1F7CE35000769BBF /* RSAVerifier.swift */ = {isa = PBXFileReference; lastKnownFileType = sourcecode.swift; path = RSAVerifier.swift; sourceTree = "<group>"; };
		65D868101F7CEBA200769BBF /* Verifier.swift */ = {isa = PBXFileReference; lastKnownFileType = sourcecode.swift; path = Verifier.swift; sourceTree = "<group>"; };
		65D8E8E720F499EF0059506A /* SymmetricKeys.swift */ = {isa = PBXFileReference; lastKnownFileType = sourcecode.swift; path = SymmetricKeys.swift; sourceTree = "<group>"; };
		65D8E8E920F4AF880059506A /* SymmetricKeyCodable.swift */ = {isa = PBXFileReference; lastKnownFileType = sourcecode.swift; path = SymmetricKeyCodable.swift; sourceTree = "<group>"; };
		65E733CB1FEBE8320009EAC6 /* JWKExtensions.swift */ = {isa = PBXFileReference; lastKnownFileType = sourcecode.swift; path = JWKExtensions.swift; sourceTree = "<group>"; };
		65E733D01FEBF7960009EAC6 /* JWKParameters.swift */ = {isa = PBXFileReference; lastKnownFileType = sourcecode.swift; path = JWKParameters.swift; sourceTree = "<group>"; };
		65E733D21FEBFDB30009EAC6 /* JWKtoJSONTests.swift */ = {isa = PBXFileReference; lastKnownFileType = sourcecode.swift; path = JWKtoJSONTests.swift; sourceTree = "<group>"; };
		65E733D41FEC031B0009EAC6 /* JWKRSAKeysTests.swift */ = {isa = PBXFileReference; lastKnownFileType = sourcecode.swift; path = JWKRSAKeysTests.swift; sourceTree = "<group>"; };
		65F2558D23FBE6E000A3FC44 /* JWEAESKeyWrapTests.swift */ = {isa = PBXFileReference; lastKnownFileType = sourcecode.swift; path = JWEAESKeyWrapTests.swift; sourceTree = "<group>"; };
		65F2558F23FBE75300A3FC44 /* AESKeyWrapTests.swift */ = {isa = PBXFileReference; lastKnownFileType = sourcecode.swift; path = AESKeyWrapTests.swift; sourceTree = "<group>"; };
		65F44EB01FE2D941000C5EA0 /* JWK.swift */ = {isa = PBXFileReference; lastKnownFileType = sourcecode.swift; path = JWK.swift; sourceTree = "<group>"; };
		65F44EB21FE2E1C6000C5EA0 /* RSAKeys.swift */ = {isa = PBXFileReference; lastKnownFileType = sourcecode.swift; path = RSAKeys.swift; sourceTree = "<group>"; };
		65FBFDE21F45CC7C005C7D68 /* JOSESwift.framework */ = {isa = PBXFileReference; explicitFileType = wrapper.framework; includeInIndex = 0; path = JOSESwift.framework; sourceTree = BUILT_PRODUCTS_DIR; };
		65FBFDE51F45CC7C005C7D68 /* JOSESwift.h */ = {isa = PBXFileReference; lastKnownFileType = sourcecode.c.h; path = JOSESwift.h; sourceTree = "<group>"; };
		65FBFDE61F45CC7C005C7D68 /* Info.plist */ = {isa = PBXFileReference; lastKnownFileType = text.plist.xml; path = Info.plist; sourceTree = "<group>"; };
		7402BE922626FC4A0012801E /* HMACSigner.swift */ = {isa = PBXFileReference; lastKnownFileType = sourcecode.swift; path = HMACSigner.swift; sourceTree = "<group>"; };
		7402BE962626FC610012801E /* HMACVerifier.swift */ = {isa = PBXFileReference; lastKnownFileType = sourcecode.swift; path = HMACVerifier.swift; sourceTree = "<group>"; };
		7402BEA626274D390012801E /* HMACSignerTests.swift */ = {isa = PBXFileReference; lastKnownFileType = sourcecode.swift; path = HMACSignerTests.swift; sourceTree = "<group>"; };
		7402BEAA26274D430012801E /* HMACVerifierTests.swift */ = {isa = PBXFileReference; lastKnownFileType = sourcecode.swift; path = HMACVerifierTests.swift; sourceTree = "<group>"; };
		7402BEAE26274DA40012801E /* HMACCryptoTestCase.swift */ = {isa = PBXFileReference; lastKnownFileType = sourcecode.swift; path = HMACCryptoTestCase.swift; sourceTree = "<group>"; };
		7402BEB426288DCD0012801E /* JWSHMACTests.swift */ = {isa = PBXFileReference; lastKnownFileType = sourcecode.swift; path = JWSHMACTests.swift; sourceTree = "<group>"; };
		8A30B8F722118FD0001834E3 /* DeflateWrapper.swift */ = {isa = PBXFileReference; fileEncoding = 4; lastKnownFileType = sourcecode.swift; path = DeflateWrapper.swift; sourceTree = "<group>"; };
		8A30B8F922118FE6001834E3 /* JWECompressionTests.swift */ = {isa = PBXFileReference; fileEncoding = 4; lastKnownFileType = sourcecode.swift; path = JWECompressionTests.swift; sourceTree = "<group>"; };
		8A4B08B12213FF0600828536 /* Compressor.swift */ = {isa = PBXFileReference; lastKnownFileType = sourcecode.swift; path = Compressor.swift; sourceTree = "<group>"; };
		9665A24622B0F3E100EAC14A /* ECAsn1IntegerConversionTests.swift */ = {isa = PBXFileReference; lastKnownFileType = sourcecode.swift; path = ECAsn1IntegerConversionTests.swift; sourceTree = "<group>"; };
		C803EFE41FA77E3000B71335 /* JWSRSATests.swift */ = {isa = PBXFileReference; lastKnownFileType = sourcecode.swift; path = JWSRSATests.swift; sourceTree = "<group>"; };
		C803EFE81FA7893A00B71335 /* JWSHeaderTests.swift */ = {isa = PBXFileReference; lastKnownFileType = sourcecode.swift; path = JWSHeaderTests.swift; sourceTree = "<group>"; };
		C803EFEC1FA8849C00B71335 /* JWERSATests.swift */ = {isa = PBXFileReference; lastKnownFileType = sourcecode.swift; path = JWERSATests.swift; sourceTree = "<group>"; };
		C803EFEE1FA884C100B71335 /* JWEHeaderTests.swift */ = {isa = PBXFileReference; lastKnownFileType = sourcecode.swift; path = JWEHeaderTests.swift; sourceTree = "<group>"; };
		C803EFF21FA8A98F00B71335 /* DataExtensionTests.swift */ = {isa = PBXFileReference; lastKnownFileType = sourcecode.swift; path = DataExtensionTests.swift; sourceTree = "<group>"; };
		C81DBD571FFE66E700ECF69E /* AES.swift */ = {isa = PBXFileReference; lastKnownFileType = sourcecode.swift; path = AES.swift; sourceTree = "<group>"; };
		C81DD9271FD7096100026024 /* HMAC.swift */ = {isa = PBXFileReference; fileEncoding = 4; lastKnownFileType = sourcecode.swift; path = HMAC.swift; sourceTree = "<group>"; };
		C81DD9291FD7096B00026024 /* HMACTests.swift */ = {isa = PBXFileReference; fileEncoding = 4; lastKnownFileType = sourcecode.swift; path = HMACTests.swift; sourceTree = "<group>"; };
		C83070041FD1B7390068C5CB /* AESCBCContentDecryptionTests.swift */ = {isa = PBXFileReference; lastKnownFileType = sourcecode.swift; path = AESCBCContentDecryptionTests.swift; sourceTree = "<group>"; };
		C84BDE161FAB1CB60002B5D0 /* RSASignerTests.swift */ = {isa = PBXFileReference; lastKnownFileType = sourcecode.swift; path = RSASignerTests.swift; sourceTree = "<group>"; };
		C84BDE181FAB44BE0002B5D0 /* CryptoTestCase.swift */ = {isa = PBXFileReference; lastKnownFileType = sourcecode.swift; path = CryptoTestCase.swift; sourceTree = "<group>"; };
		C84BDE1A1FAB461B0002B5D0 /* TestKeys.plist */ = {isa = PBXFileReference; lastKnownFileType = text.plist.xml; path = TestKeys.plist; sourceTree = "<group>"; };
		C85012E21FE04E0C00EC49FA /* SecureRandom.swift */ = {isa = PBXFileReference; fileEncoding = 4; lastKnownFileType = sourcecode.swift; path = SecureRandom.swift; sourceTree = "<group>"; };
		C85B1EF1204D82640026BDCB /* JWS.swift */ = {isa = PBXFileReference; fileEncoding = 4; lastKnownFileType = sourcecode.swift; path = JWS.swift; sourceTree = "<group>"; };
		C85B1EF3204D82860026BDCB /* Signer.swift */ = {isa = PBXFileReference; fileEncoding = 4; lastKnownFileType = sourcecode.swift; path = Signer.swift; sourceTree = "<group>"; };
		C85B1EF5204D82970026BDCB /* RSASigner.swift */ = {isa = PBXFileReference; fileEncoding = 4; lastKnownFileType = sourcecode.swift; path = RSASigner.swift; sourceTree = "<group>"; };
		C8610F082029B15600859FCC /* Algorithms.swift */ = {isa = PBXFileReference; lastKnownFileType = sourcecode.swift; path = Algorithms.swift; sourceTree = "<group>"; };
		C8610F0A2029D21800859FCC /* RSA.swift */ = {isa = PBXFileReference; lastKnownFileType = sourcecode.swift; path = RSA.swift; sourceTree = "<group>"; };
		C86AC8CA1FCEC20F0007E611 /* AESCBCContentEncryptionTests.swift */ = {isa = PBXFileReference; fileEncoding = 4; lastKnownFileType = sourcecode.swift; path = AESCBCContentEncryptionTests.swift; sourceTree = "<group>"; };
		C86B876C203D857B00208387 /* JOSESwiftError.swift */ = {isa = PBXFileReference; fileEncoding = 4; lastKnownFileType = sourcecode.swift; path = JOSESwiftError.swift; sourceTree = "<group>"; };
		C8A5923F1FC71586009CEFA6 /* RSADecryptionTests.swift */ = {isa = PBXFileReference; lastKnownFileType = sourcecode.swift; path = RSADecryptionTests.swift; sourceTree = "<group>"; };
		C8EE14531FAC797500A616E4 /* RSAVerifierTests.swift */ = {isa = PBXFileReference; lastKnownFileType = sourcecode.swift; path = RSAVerifierTests.swift; sourceTree = "<group>"; };
		C8F0964F1FC56B25000BEE4D /* RSAEncryptionTests.swift */ = {isa = PBXFileReference; lastKnownFileType = sourcecode.swift; path = RSAEncryptionTests.swift; sourceTree = "<group>"; };
/* End PBXFileReference section */

/* Begin PBXFrameworksBuildPhase section */
		65A9D3D41F45CDD7004E0B61 /* Frameworks */ = {
			isa = PBXFrameworksBuildPhase;
			buildActionMask = 2147483647;
			files = (
				65A9D3DC1F45CDD7004E0B61 /* JOSESwift.framework in Frameworks */,
			);
			runOnlyForDeploymentPostprocessing = 0;
		};
		65FBFDDE1F45CC7C005C7D68 /* Frameworks */ = {
			isa = PBXFrameworksBuildPhase;
			buildActionMask = 2147483647;
			files = (
			);
			runOnlyForDeploymentPostprocessing = 0;
		};
/* End PBXFrameworksBuildPhase section */

/* Begin PBXGroup section */
		65125A2C1FBF6B79007CF3AE /* JWS */ = {
			isa = PBXGroup;
			children = (
				9665A24622B0F3E100EAC14A /* ECAsn1IntegerConversionTests.swift */,
				6575696C203EF9CE004A0EFD /* JWSValidationTests.swift */,
				652C61391FD99A3300578E2A /* JWSSigningInputTest.swift */,
				C803EFE81FA7893A00B71335 /* JWSHeaderTests.swift */,
				C803EFE41FA77E3000B71335 /* JWSRSATests.swift */,
				65125A311FBF85FA007CF3AE /* JWSDeserializationTests.swift */,
				5FB765151D1E18BD7BFB95B8 /* JWSECTests.swift */,
				7402BEB426288DCD0012801E /* JWSHMACTests.swift */,
			);
			name = JWS;
			sourceTree = "<group>";
		};
		65125A2E1FBF6B9E007CF3AE /* JWE */ = {
			isa = PBXGroup;
			children = (
				8A30B8F922118FE6001834E3 /* JWECompressionTests.swift */,
				65676D8A1FC220C70031B26D /* JWEDeserializationTests.swift */,
				C803EFEC1FA8849C00B71335 /* JWERSATests.swift */,
				396DD6E6257FB2B5008353B9 /* JWEECTests.swift */,
				65F2558D23FBE6E000A3FC44 /* JWEAESKeyWrapTests.swift */,
				C803EFEE1FA884C100B71335 /* JWEHeaderTests.swift */,
				653365E420ECCB71002630D7 /* JWEDirectEncryptionTests.swift */,
				65A9EE4A20FDD7A900E9C566 /* EncrypterDecrypterInitializationTests.swift */,
				65B5B93D23F55978009C8396 /* RSAKeyManagementModeTests.swift */,
				6501503623FBDB42000D7D0B /* AESKeyWrapKeyManagementModeTests.swift */,
				C86AC8CA1FCEC20F0007E611 /* AESCBCContentEncryptionTests.swift */,
				C83070041FD1B7390068C5CB /* AESCBCContentDecryptionTests.swift */,
				65B5B93F23F5604A009C8396 /* DirectEncryptionKeyManagementModeTests.swift */,
			);
			name = JWE;
			sourceTree = "<group>";
		};
		65125A2F1FBF6BAC007CF3AE /* Crypto */ = {
			isa = PBXGroup;
			children = (
				C84BDE181FAB44BE0002B5D0 /* CryptoTestCase.swift */,
				7402BEAE26274DA40012801E /* HMACCryptoTestCase.swift */,
				C81DD9291FD7096B00026024 /* HMACTests.swift */,
				7402BEA626274D390012801E /* HMACSignerTests.swift */,
				7402BEAA26274D430012801E /* HMACVerifierTests.swift */,
				C84BDE161FAB1CB60002B5D0 /* RSASignerTests.swift */,
				C8EE14531FAC797500A616E4 /* RSAVerifierTests.swift */,
				C8F0964F1FC56B25000BEE4D /* RSAEncryptionTests.swift */,
				C8A5923F1FC71586009CEFA6 /* RSADecryptionTests.swift */,
				5FB7683476B521915FDB2248 /* RSACryptoTestCase.swift */,
				5FB76BD4F46045BF2B182483 /* ECCryptoTestCase.swift */,
				5FB768A267E1A15571CC58AA /* ECVerifierTests.swift */,
				5FB76B5896AAA87ACD56D0D0 /* ECSignerTests.swift */,
				65F2558F23FBE75300A3FC44 /* AESKeyWrapTests.swift */,
				396DD6E2257FB260008353B9 /* ECDHTests.swift */,
			);
			name = Crypto;
			sourceTree = "<group>";
		};
		65125A301FBF6BBA007CF3AE /* Common */ = {
			isa = PBXGroup;
			children = (
				C803EFF21FA8A98F00B71335 /* DataExtensionTests.swift */,
			);
			name = Common;
			sourceTree = "<group>";
		};
		653355281F8F6B4A00A660C6 /* JWE */ = {
			isa = PBXGroup;
			children = (
				6558164523F44EBF00EA5FEC /* KeyManagementMode */,
				6558164B23F45CAC00EA5FEC /* ContentEncryption */,
				8A4B08B12213FF0600828536 /* Compressor.swift */,
				6533552D1F8FB61000A660C6 /* JWE.swift */,
				653355291F8F6B6800A660C6 /* JWEHeader.swift */,
				65617FCA1F90F8C700D8C743 /* Encrypter.swift */,
				6572C2F11F96428800D4186D /* Decrypter.swift */,
			);
			name = JWE;
			sourceTree = "<group>";
		};
		6558164123F4390D00EA5FEC /* KeyEncryption */ = {
			isa = PBXGroup;
			children = (
				65617FCC1F90FB7600D8C743 /* RSAKeyEncryptionMode.swift */,
				396DD6D4257FB0E8008353B9 /* ECKeyEncryption.swift */,
			);
			name = KeyEncryption;
			sourceTree = "<group>";
		};
		6558164223F44E4700EA5FEC /* DirectEncryption */ = {
			isa = PBXGroup;
			children = (
				6558164323F44E8C00EA5FEC /* DirectEncryptionMode.swift */,
			);
			name = DirectEncryption;
			sourceTree = "<group>";
		};
		6558164523F44EBF00EA5FEC /* KeyManagementMode */ = {
			isa = PBXGroup;
			children = (
				6558164923F456F700EA5FEC /* KeyManagementMode.swift */,
				6558164123F4390D00EA5FEC /* KeyEncryption */,
				657D0F7523FAE4B5004A7975 /* KeyWrapping */,
				6558164223F44E4700EA5FEC /* DirectEncryption */,
			);
			name = KeyManagementMode;
			sourceTree = "<group>";
		};
		6558164B23F45CAC00EA5FEC /* ContentEncryption */ = {
			isa = PBXGroup;
			children = (
				6558164C23F45CC200EA5FEC /* ContentEncryption.swift */,
				6558164E23F462BC00EA5FEC /* AESCBCEncryption */,
			);
			name = ContentEncryption;
			sourceTree = "<group>";
		};
		6558164E23F462BC00EA5FEC /* AESCBCEncryption */ = {
			isa = PBXGroup;
			children = (
				6558164F23F463C200EA5FEC /* AESCBCEncryption.swift */,
			);
			name = AESCBCEncryption;
			sourceTree = "<group>";
		};
		657D0F7523FAE4B5004A7975 /* KeyWrapping */ = {
			isa = PBXGroup;
			children = (
				657D0F7623FAE857004A7975 /* AESKeyWrappingMode.swift */,
			);
			name = KeyWrapping;
			sourceTree = "<group>";
		};
		6582C0BB1F4B09DC00B153D5 /* Common */ = {
			isa = PBXGroup;
			children = (
				65A77E931F7285A900A66DDE /* JOSEHeader.swift */,
				65A7A1981F7295F5009449E7 /* Payload.swift */,
				65353F5C1F750A6A003E099B /* DataExtensions.swift */,
				65D1D0641F7A4DB3006377CD /* DataConvertible.swift */,
				652F6DE81F73E6780002DEE0 /* Serializer.swift */,
				65D1D0661F7A878D006377CD /* Deserializer.swift */,
				C8610F082029B15600859FCC /* Algorithms.swift */,
				658EE1AE23F4067D00B6E967 /* AlgorithmExtensions.swift */,
				C86B876C203D857B00208387 /* JOSESwiftError.swift */,
			);
			name = Common;
			sourceTree = "<group>";
		};
		65A9D3D81F45CDD7004E0B61 /* Tests */ = {
			isa = PBXGroup;
			children = (
				65125A301FBF6BBA007CF3AE /* Common */,
				65125A2F1FBF6BAC007CF3AE /* Crypto */,
				65125A2E1FBF6B9E007CF3AE /* JWE */,
				65125A2C1FBF6B79007CF3AE /* JWS */,
				65E733CD1FEBE9670009EAC6 /* JWK */,
				C84BDE1A1FAB461B0002B5D0 /* TestKeys.plist */,
				65A9D3DB1F45CDD7004E0B61 /* Info.plist */,
			);
			path = Tests;
			sourceTree = "<group>";
		};
		65A9D3E21F45CDF1004E0B61 /* Sources */ = {
			isa = PBXGroup;
			children = (
				8A30B8F622118FD0001834E3 /* CompressionImplementation */,
				6582C0BB1F4B09DC00B153D5 /* Common */,
				65FABAEB1F4AD8FA006D7679 /* JWS */,
				653355281F8F6B4A00A660C6 /* JWE */,
				65E9CE201FE2AB06005DF679 /* JWK */,
				65FABAE81F4ABF61006D7679 /* CryptoInterface */,
				C86B876B203D84D300208387 /* CryptoImplementation */,
			);
			path = Sources;
			sourceTree = "<group>";
		};
		65A9D3E31F45CDF7004E0B61 /* Support */ = {
			isa = PBXGroup;
			children = (
				65FBFDE51F45CC7C005C7D68 /* JOSESwift.h */,
				65FBFDE61F45CC7C005C7D68 /* Info.plist */,
			);
			path = Support;
			sourceTree = "<group>";
		};
		65E733CD1FEBE9670009EAC6 /* JWK */ = {
			isa = PBXGroup;
			children = (
				6514ADCA2031DD27008A4DD3 /* ASN1DEREncodingTests.swift */,
				65A103A0202B03BB00D22BF5 /* ASN1DERParsingTests.swift */,
				65A103A2202B0CDF00D22BF5 /* DataRSAPublicKeyTests.swift */,
				6546D605203580C6007217FB /* JWKRSADecodingTests.swift */,
				65826AB320286B3A00AFFC46 /* JWKRSAEncodingTests.swift */,
				65E733D41FEC031B0009EAC6 /* JWKRSAKeysTests.swift */,
				6536560A2035DC3900A3AC3B /* JWKSetCodingTests.swift */,
				653656062035D6C700A3AC3B /* JWKSetCollectionTests.swift */,
				65E733D21FEBFDB30009EAC6 /* JWKtoJSONTests.swift */,
				65684A4C2031935200E56C68 /* RSAPublicKeyToDataTests.swift */,
				65684A4E2031971A00E56C68 /* RSAPublicKeyToSecKeyTests.swift */,
				658261482029E2D200B594ED /* SecKeyRSAPublicKeyTests.swift */,
				6506D9E820F4CA2000F34DD8 /* SymmetricKeyTests.swift */,
				5FB7640AC5A4E021A5B6ADC0 /* DataECPublicKeyTests.swift */,
				5FB765CE30E80B7C3D18FAB4 /* ECPublicKeyToDataTests.swift */,
				5FB76E8AD96EA19B669A5E1D /* ECPublicKeyToSecKeyTests.swift */,
				5FB768D2A4CB1EC190A955A8 /* SecKeyECPublicKeyTests.swift */,
				5FB7688B4092265A9A950E9E /* JWKECKeysTests.swift */,
				5FB7625CF5EF5D8F2135967F /* JWKECDecodingTests.swift */,
				5FB7680EDB5E39EA70E45F41 /* JWKECEncodingTests.swift */,
				5FB76649DFE31DCBE92EFB58 /* SecKeyECPrivateKeyTests.swift */,
				5FB767D110E592224B621B36 /* DataECPrivateKeyTests.swift */,
				5FB763E289522DBBAEE02BCD /* ECPrivateKeyToSecKeyTests.swift */,
				5FB7631E9F751B88036177DE /* ECPrivateKeyToDataTests.swift */,
			);
			name = JWK;
			sourceTree = "<group>";
		};
		65E9CE201FE2AB06005DF679 /* JWK */ = {
			isa = PBXGroup;
			children = (
				65F44EB01FE2D941000C5EA0 /* JWK.swift */,
				65E733D01FEBF7960009EAC6 /* JWKParameters.swift */,
				65E733CB1FEBE8320009EAC6 /* JWKExtensions.swift */,
				653656082035D86E00A3AC3B /* JWKSet.swift */,
				6536560C2035DF8300A3AC3B /* JWKSetCodable.swift */,
				65F44EB21FE2E1C6000C5EA0 /* RSAKeys.swift */,
				65D8E8E720F499EF0059506A /* SymmetricKeys.swift */,
				65D8E8E920F4AF880059506A /* SymmetricKeyCodable.swift */,
				65826AB12028696000AFFC46 /* RSAKeyCodable.swift */,
				6582614E2029F2D100B594ED /* ASN1DERParsing.swift */,
				6514ADC82031DD15008A4DD3 /* ASN1DEREncoding.swift */,
				5FB76A41AECF99F3673C1C40 /* ECKeys.swift */,
				5FB76EBD36093E9EC475BC2B /* ECKeyCodable.swift */,
			);
			name = JWK;
			sourceTree = "<group>";
		};
		65FABAE81F4ABF61006D7679 /* CryptoInterface */ = {
			isa = PBXGroup;
			children = (
				7402BE922626FC4A0012801E /* HMACSigner.swift */,
				7402BE962626FC610012801E /* HMACVerifier.swift */,
				C85B1EF5204D82970026BDCB /* RSASigner.swift */,
				65D8680E1F7CE35000769BBF /* RSAVerifier.swift */,
				5FB76AF2833DDD77D56D6D3F /* ECSigner.swift */,
				5FB767ECBB50E5A47C671DC1 /* ECVerifier.swift */,
			);
			name = CryptoInterface;
			sourceTree = "<group>";
		};
		65FABAEB1F4AD8FA006D7679 /* JWS */ = {
			isa = PBXGroup;
			children = (
				C85B1EF1204D82640026BDCB /* JWS.swift */,
				6571F6221F7BF786004D53C5 /* JWSHeader.swift */,
				C85B1EF3204D82860026BDCB /* Signer.swift */,
				65D868101F7CEBA200769BBF /* Verifier.swift */,
			);
			name = JWS;
			sourceTree = "<group>";
		};
		65FBFDD81F45CC7C005C7D68 = {
			isa = PBXGroup;
			children = (
				65FBFDE41F45CC7C005C7D68 /* JOSESwift */,
				65A9D3D81F45CDD7004E0B61 /* Tests */,
				65FBFDE31F45CC7C005C7D68 /* Products */,
				C8610F54202DD93600859FCC /* Frameworks */,
			);
			sourceTree = "<group>";
		};
		65FBFDE31F45CC7C005C7D68 /* Products */ = {
			isa = PBXGroup;
			children = (
				65FBFDE21F45CC7C005C7D68 /* JOSESwift.framework */,
				65A9D3D71F45CDD7004E0B61 /* Tests.xctest */,
			);
			name = Products;
			sourceTree = "<group>";
		};
		65FBFDE41F45CC7C005C7D68 /* JOSESwift */ = {
			isa = PBXGroup;
			children = (
				65A9D3E31F45CDF7004E0B61 /* Support */,
				65A9D3E21F45CDF1004E0B61 /* Sources */,
			);
			path = JOSESwift;
			sourceTree = "<group>";
		};
		8A30B8F622118FD0001834E3 /* CompressionImplementation */ = {
			isa = PBXGroup;
			children = (
				8A30B8F722118FD0001834E3 /* DeflateWrapper.swift */,
			);
			path = CompressionImplementation;
			sourceTree = "<group>";
		};
		C8610F54202DD93600859FCC /* Frameworks */ = {
			isa = PBXGroup;
			children = (
			);
			name = Frameworks;
			sourceTree = "<group>";
		};
		C86B876B203D84D300208387 /* CryptoImplementation */ = {
			isa = PBXGroup;
			children = (
				6582614C2029E98A00B594ED /* DataRSAPublicKey.swift */,
				65344C3D20F4CC9000FCBBA1 /* DataSymmetricKey.swift */,
				6546FB0E2029DD10002E421F /* SecKeyRSAPublicKey.swift */,
				C85012E21FE04E0C00EC49FA /* SecureRandom.swift */,
				C81DD9271FD7096100026024 /* HMAC.swift */,
				C81DBD571FFE66E700ECF69E /* AES.swift */,
				C8610F0A2029D21800859FCC /* RSA.swift */,
				5FB760DB390F90F91102DB74 /* EC.swift */,
				5FB76CEA2BD69C2AF38D2AFC /* SecKeyECPublicKey.swift */,
				5FB763EED5A790CCC29F8771 /* DataECPublicKey.swift */,
				5FB7604267B94DC5091D7105 /* DataECPrivateKey.swift */,
				5FB76E4A3A52AAC72B1F33F0 /* SecKeyECPrivateKey.swift */,
				612B0C93248E1C83009F1929 /* Thumbprint.swift */,
				396DD6D0257FB068008353B9 /* ECDHKeyAgreement.swift */,
				396DD6DE257FB13C008353B9 /* ECKeyPair.swift */,
			);
			path = CryptoImplementation;
			sourceTree = "<group>";
		};
/* End PBXGroup section */

/* Begin PBXHeadersBuildPhase section */
		65FBFDDF1F45CC7C005C7D68 /* Headers */ = {
			isa = PBXHeadersBuildPhase;
			buildActionMask = 2147483647;
			files = (
				65FBFDE71F45CC7C005C7D68 /* JOSESwift.h in Headers */,
			);
			runOnlyForDeploymentPostprocessing = 0;
		};
/* End PBXHeadersBuildPhase section */

/* Begin PBXNativeTarget section */
		65A9D3D61F45CDD7004E0B61 /* Tests */ = {
			isa = PBXNativeTarget;
			buildConfigurationList = 65A9D3E11F45CDD7004E0B61 /* Build configuration list for PBXNativeTarget "Tests" */;
			buildPhases = (
				65A9D3D31F45CDD7004E0B61 /* Sources */,
				65A9D3D41F45CDD7004E0B61 /* Frameworks */,
				65A9D3D51F45CDD7004E0B61 /* Resources */,
			);
			buildRules = (
			);
			dependencies = (
				65A9D3DE1F45CDD7004E0B61 /* PBXTargetDependency */,
			);
			name = Tests;
			productName = Tests;
			productReference = 65A9D3D71F45CDD7004E0B61 /* Tests.xctest */;
			productType = "com.apple.product-type.bundle.unit-test";
		};
		65FBFDE11F45CC7C005C7D68 /* JOSESwift */ = {
			isa = PBXNativeTarget;
			buildConfigurationList = 65FBFDEA1F45CC7C005C7D68 /* Build configuration list for PBXNativeTarget "JOSESwift" */;
			buildPhases = (
				65FBFDDD1F45CC7C005C7D68 /* Sources */,
				65FBFDDE1F45CC7C005C7D68 /* Frameworks */,
				65FBFDDF1F45CC7C005C7D68 /* Headers */,
				65FBFDE01F45CC7C005C7D68 /* Resources */,
				4E06574B223CC78D00D7A199 /* SwiftLint */,
			);
			buildRules = (
			);
			dependencies = (
			);
			name = JOSESwift;
			productName = JOSESwift;
			productReference = 65FBFDE21F45CC7C005C7D68 /* JOSESwift.framework */;
			productType = "com.apple.product-type.framework";
		};
/* End PBXNativeTarget section */

/* Begin PBXProject section */
		65FBFDD91F45CC7C005C7D68 /* Project object */ = {
			isa = PBXProject;
			attributes = {
				LastSwiftUpdateCheck = 0830;
				LastUpgradeCheck = 1200;
				ORGANIZATIONNAME = "";
				TargetAttributes = {
					65A9D3D61F45CDD7004E0B61 = {
						CreatedOnToolsVersion = 8.3.3;
						DevelopmentTeam = 4857DE3DAC;
						LastSwiftMigration = 1020;
						ProvisioningStyle = Automatic;
					};
					65FBFDE11F45CC7C005C7D68 = {
						CreatedOnToolsVersion = 8.3.3;
						DevelopmentTeam = 4857DE3DAC;
						LastSwiftMigration = 1020;
						ProvisioningStyle = Automatic;
					};
				};
			};
			buildConfigurationList = 65FBFDDC1F45CC7C005C7D68 /* Build configuration list for PBXProject "JOSESwift" */;
			compatibilityVersion = "Xcode 3.2";
			developmentRegion = en;
			hasScannedForEncodings = 0;
			knownRegions = (
				en,
				Base,
			);
			mainGroup = 65FBFDD81F45CC7C005C7D68;
			productRefGroup = 65FBFDE31F45CC7C005C7D68 /* Products */;
			projectDirPath = "";
			projectRoot = "";
			targets = (
				65FBFDE11F45CC7C005C7D68 /* JOSESwift */,
				65A9D3D61F45CDD7004E0B61 /* Tests */,
			);
		};
/* End PBXProject section */

/* Begin PBXResourcesBuildPhase section */
		65A9D3D51F45CDD7004E0B61 /* Resources */ = {
			isa = PBXResourcesBuildPhase;
			buildActionMask = 2147483647;
			files = (
				C84BDE1B1FAB461B0002B5D0 /* TestKeys.plist in Resources */,
			);
			runOnlyForDeploymentPostprocessing = 0;
		};
		65FBFDE01F45CC7C005C7D68 /* Resources */ = {
			isa = PBXResourcesBuildPhase;
			buildActionMask = 2147483647;
			files = (
			);
			runOnlyForDeploymentPostprocessing = 0;
		};
/* End PBXResourcesBuildPhase section */

/* Begin PBXShellScriptBuildPhase section */
		4E06574B223CC78D00D7A199 /* SwiftLint */ = {
			isa = PBXShellScriptBuildPhase;
			buildActionMask = 2147483647;
			files = (
			);
			inputFileListPaths = (
			);
			inputPaths = (
			);
			name = SwiftLint;
			outputFileListPaths = (
			);
			outputPaths = (
			);
			runOnlyForDeploymentPostprocessing = 0;
			shellPath = /bin/sh;
			shellScript = "if which swiftlint >/dev/null; then\n    swiftlint\nelse\n    echo \"warning: SwiftLint not installed, download from https://github.com/realm/SwiftLint or run 'brew bundle'\"\nfi\n";
		};
/* End PBXShellScriptBuildPhase section */

/* Begin PBXSourcesBuildPhase section */
		65A9D3D31F45CDD7004E0B61 /* Sources */ = {
			isa = PBXSourcesBuildPhase;
			buildActionMask = 2147483647;
			files = (
				9665A24722B0F3E100EAC14A /* ECAsn1IntegerConversionTests.swift in Sources */,
				65826AB420286B3A00AFFC46 /* JWKRSAEncodingTests.swift in Sources */,
				C83070051FD1B7390068C5CB /* AESCBCContentDecryptionTests.swift in Sources */,
				C803EFE91FA7893A00B71335 /* JWSHeaderTests.swift in Sources */,
				652C613A1FD99A3300578E2A /* JWSSigningInputTest.swift in Sources */,
				C8A592401FC71586009CEFA6 /* RSADecryptionTests.swift in Sources */,
				C803EFF31FA8A98F00B71335 /* DataExtensionTests.swift in Sources */,
				653656072035D6C700A3AC3B /* JWKSetCollectionTests.swift in Sources */,
				6536560B2035DC3900A3AC3B /* JWKSetCodingTests.swift in Sources */,
				65676D8B1FC220C70031B26D /* JWEDeserializationTests.swift in Sources */,
				6546D606203580C6007217FB /* JWKRSADecodingTests.swift in Sources */,
				65A9EE4B20FDD7A900E9C566 /* EncrypterDecrypterInitializationTests.swift in Sources */,
				653365E520ECCB71002630D7 /* JWEDirectEncryptionTests.swift in Sources */,
				6506D9E920F4CA2000F34DD8 /* SymmetricKeyTests.swift in Sources */,
				6501503723FBDB42000D7D0B /* AESKeyWrapKeyManagementModeTests.swift in Sources */,
				65684A4D2031935200E56C68 /* RSAPublicKeyToDataTests.swift in Sources */,
				6575696D203EF9CE004A0EFD /* JWSValidationTests.swift in Sources */,
				396DD6E3257FB260008353B9 /* ECDHTests.swift in Sources */,
				65F2559023FBE75300A3FC44 /* AESKeyWrapTests.swift in Sources */,
				65A103A1202B03BB00D22BF5 /* ASN1DERParsingTests.swift in Sources */,
				7402BEAF26274DA40012801E /* HMACCryptoTestCase.swift in Sources */,
				C803EFEF1FA884C100B71335 /* JWEHeaderTests.swift in Sources */,
				7402BEA726274D390012801E /* HMACSignerTests.swift in Sources */,
				C81DD92A1FD7096B00026024 /* HMACTests.swift in Sources */,
				7402BEAB26274D430012801E /* HMACVerifierTests.swift in Sources */,
				65684A4F2031971A00E56C68 /* RSAPublicKeyToSecKeyTests.swift in Sources */,
				65E733D51FEC031B0009EAC6 /* JWKRSAKeysTests.swift in Sources */,
				65E733D31FEBFDB30009EAC6 /* JWKtoJSONTests.swift in Sources */,
				65B5B93E23F55978009C8396 /* RSAKeyManagementModeTests.swift in Sources */,
				C803EFE51FA77E3000B71335 /* JWSRSATests.swift in Sources */,
				C84BDE191FAB44BE0002B5D0 /* CryptoTestCase.swift in Sources */,
				7402BEB526288DCD0012801E /* JWSHMACTests.swift in Sources */,
				6514ADCB2031DD27008A4DD3 /* ASN1DEREncodingTests.swift in Sources */,
				C803EFED1FA8849C00B71335 /* JWERSATests.swift in Sources */,
				C8F096501FC56B25000BEE4D /* RSAEncryptionTests.swift in Sources */,
				65125A321FBF85FA007CF3AE /* JWSDeserializationTests.swift in Sources */,
				65A103A3202B0CDF00D22BF5 /* DataRSAPublicKeyTests.swift in Sources */,
				C84BDE171FAB1CB60002B5D0 /* RSASignerTests.swift in Sources */,
				C8EE14541FAC797500A616E4 /* RSAVerifierTests.swift in Sources */,
				658261492029E2D200B594ED /* SecKeyRSAPublicKeyTests.swift in Sources */,
				C86AC8CB1FCEC20F0007E611 /* AESCBCContentEncryptionTests.swift in Sources */,
				5FB76E7BEF001684139C9E14 /* ECCryptoTestCase.swift in Sources */,
				5FB76902DBBBEBE867D17D94 /* RSACryptoTestCase.swift in Sources */,
				5FB76AC31C9A627FB8626CF3 /* ECVerifierTests.swift in Sources */,
				5FB7652B8E15046DB1C78E81 /* ECSignerTests.swift in Sources */,
				5FB765B31F9CC56B6E74E402 /* DataECPublicKeyTests.swift in Sources */,
				5FB769DC2B585672F9EC125A /* ECPublicKeyToDataTests.swift in Sources */,
				5FB763971FFFFDE2B2376E0A /* ECPublicKeyToSecKeyTests.swift in Sources */,
				65F2558E23FBE6E000A3FC44 /* JWEAESKeyWrapTests.swift in Sources */,
				5FB7692ED087062737C589E2 /* SecKeyECPublicKeyTests.swift in Sources */,
				5FB76834DC4275C5B7D2F742 /* JWSECTests.swift in Sources */,
				396DD6E7257FB2B5008353B9 /* JWEECTests.swift in Sources */,
				5FB76E7A42B44E4F4416CB7F /* JWKECKeysTests.swift in Sources */,
				5FB76093CE81BF1F8E7C254A /* JWKECDecodingTests.swift in Sources */,
				5FB765B20A256B93440E79E2 /* JWKECEncodingTests.swift in Sources */,
				5FB7656EDD94AE3620A8C13C /* SecKeyECPrivateKeyTests.swift in Sources */,
				65B5B94023F5604A009C8396 /* DirectEncryptionKeyManagementModeTests.swift in Sources */,
				5FB7656FF300A4A3EF0F3597 /* DataECPrivateKeyTests.swift in Sources */,
				5FB762ED79A6159B5A9EDECC /* ECPrivateKeyToSecKeyTests.swift in Sources */,
				5FB7666062B4008362CC88FF /* ECPrivateKeyToDataTests.swift in Sources */,
				8A30B8FA22118FE6001834E3 /* JWECompressionTests.swift in Sources */,
			);
			runOnlyForDeploymentPostprocessing = 0;
		};
		65FBFDDD1F45CC7C005C7D68 /* Sources */ = {
			isa = PBXSourcesBuildPhase;
			buildActionMask = 2147483647;
			files = (
				65617FCD1F90FB7600D8C743 /* RSAKeyEncryptionMode.swift in Sources */,
				65617FCB1F90F8C700D8C743 /* Encrypter.swift in Sources */,
				65E733CC1FEBE8320009EAC6 /* JWKExtensions.swift in Sources */,
				396DD6DF257FB13C008353B9 /* ECKeyPair.swift in Sources */,
				6536560D2035DF8300A3AC3B /* JWKSetCodable.swift in Sources */,
				6546FB0F2029DD10002E421F /* SecKeyRSAPublicKey.swift in Sources */,
				6572C2F21F96428800D4186D /* Decrypter.swift in Sources */,
				653656092035D86E00A3AC3B /* JWKSet.swift in Sources */,
				65D1D0671F7A878D006377CD /* Deserializer.swift in Sources */,
				65F44EB11FE2D941000C5EA0 /* JWK.swift in Sources */,
				6582614F2029F2D100B594ED /* ASN1DERParsing.swift in Sources */,
				C85012E31FE04E0C00EC49FA /* SecureRandom.swift in Sources */,
				6514ADC92031DD15008A4DD3 /* ASN1DEREncoding.swift in Sources */,
				7402BE932626FC4A0012801E /* HMACSigner.swift in Sources */,
				C8610F0B2029D21800859FCC /* RSA.swift in Sources */,
				65F44EB31FE2E1C6000C5EA0 /* RSAKeys.swift in Sources */,
				652F6DE91F73E6780002DEE0 /* Serializer.swift in Sources */,
				65A7A1991F7295F5009449E7 /* Payload.swift in Sources */,
				657D0F7723FAE857004A7975 /* AESKeyWrappingMode.swift in Sources */,
				C81DD9281FD7096100026024 /* HMAC.swift in Sources */,
				6558164D23F45CC200EA5FEC /* ContentEncryption.swift in Sources */,
				6571F6231F7BF786004D53C5 /* JWSHeader.swift in Sources */,
				65D8680F1F7CE35000769BBF /* RSAVerifier.swift in Sources */,
				6558164A23F456F700EA5FEC /* KeyManagementMode.swift in Sources */,
				65826AB22028696000AFFC46 /* RSAKeyCodable.swift in Sources */,
				C8610F092029B15600859FCC /* Algorithms.swift in Sources */,
				658EE1AF23F4067D00B6E967 /* AlgorithmExtensions.swift in Sources */,
				65D8E8E820F499EF0059506A /* SymmetricKeys.swift in Sources */,
				396DD6D5257FB0E8008353B9 /* ECKeyEncryption.swift in Sources */,
				6558164423F44E8D00EA5FEC /* DirectEncryptionMode.swift in Sources */,
				65D1D0651F7A4DB3006377CD /* DataConvertible.swift in Sources */,
				6533552E1F8FB61000A660C6 /* JWE.swift in Sources */,
				C85B1EF4204D82860026BDCB /* Signer.swift in Sources */,
				8A30B8F822118FD0001834E3 /* DeflateWrapper.swift in Sources */,
				612B0C94248E1C83009F1929 /* Thumbprint.swift in Sources */,
				65D8E8EA20F4AF880059506A /* SymmetricKeyCodable.swift in Sources */,
				7402BE972626FC610012801E /* HMACVerifier.swift in Sources */,
				C85B1EF6204D82970026BDCB /* RSASigner.swift in Sources */,
				65344C3E20F4CC9000FCBBA1 /* DataSymmetricKey.swift in Sources */,
				65D868111F7CEBA200769BBF /* Verifier.swift in Sources */,
				C86B876D203D857B00208387 /* JOSESwiftError.swift in Sources */,
				65A77E941F7285A900A66DDE /* JOSEHeader.swift in Sources */,
				6533552A1F8F6B6800A660C6 /* JWEHeader.swift in Sources */,
				65353F5D1F750A6A003E099B /* DataExtensions.swift in Sources */,
				65E733D11FEBF7960009EAC6 /* JWKParameters.swift in Sources */,
				6582614D2029E98A00B594ED /* DataRSAPublicKey.swift in Sources */,
				C81DBD581FFE66E700ECF69E /* AES.swift in Sources */,
				C85B1EF2204D82640026BDCB /* JWS.swift in Sources */,
				5FB760497BB7711EFB470B5A /* ECKeys.swift in Sources */,
				6558165023F463C200EA5FEC /* AESCBCEncryption.swift in Sources */,
				5FB764055756A9190628BDDE /* ECKeyCodable.swift in Sources */,
				8A4B08B22213FF0600828536 /* Compressor.swift in Sources */,
				5FB7641E9D67F245F52F3A7E /* EC.swift in Sources */,
				5FB762CE28963B4780B33973 /* SecKeyECPublicKey.swift in Sources */,
				5FB76E6F2080BEC6B63939D6 /* ECSigner.swift in Sources */,
				5FB76B8D7F1214FF01FA1A8B /* ECVerifier.swift in Sources */,
				5FB763AFF6BE04E8A6AE4DFC /* DataECPublicKey.swift in Sources */,
				5FB7628EC6EA2C4263853DE9 /* DataECPrivateKey.swift in Sources */,
				396DD6D1257FB068008353B9 /* ECDHKeyAgreement.swift in Sources */,
				5FB76BA2D0344083B8F79D53 /* SecKeyECPrivateKey.swift in Sources */,
			);
			runOnlyForDeploymentPostprocessing = 0;
		};
/* End PBXSourcesBuildPhase section */

/* Begin PBXTargetDependency section */
		65A9D3DE1F45CDD7004E0B61 /* PBXTargetDependency */ = {
			isa = PBXTargetDependency;
			target = 65FBFDE11F45CC7C005C7D68 /* JOSESwift */;
			targetProxy = 65A9D3DD1F45CDD7004E0B61 /* PBXContainerItemProxy */;
		};
/* End PBXTargetDependency section */

/* Begin XCBuildConfiguration section */
		65A9D3DF1F45CDD7004E0B61 /* Debug */ = {
			isa = XCBuildConfiguration;
			buildSettings = {
				ALWAYS_EMBED_SWIFT_STANDARD_LIBRARIES = "$(inherited)";
				DEVELOPMENT_TEAM = 4857DE3DAC;
				INFOPLIST_FILE = Tests/Info.plist;
				LD_RUNPATH_SEARCH_PATHS = "$(inherited) @executable_path/Frameworks @loader_path/Frameworks $(PROJECT_DIR)/Pods";
				PRODUCT_BUNDLE_IDENTIFIER = com.airsidemobile.Tests;
				PRODUCT_NAME = "$(TARGET_NAME)";
				SWIFT_VERSION = 5.0;
			};
			name = Debug;
		};
		65A9D3E01F45CDD7004E0B61 /* Release */ = {
			isa = XCBuildConfiguration;
			buildSettings = {
				ALWAYS_EMBED_SWIFT_STANDARD_LIBRARIES = "$(inherited)";
				DEVELOPMENT_TEAM = 4857DE3DAC;
				INFOPLIST_FILE = Tests/Info.plist;
				LD_RUNPATH_SEARCH_PATHS = "$(inherited) @executable_path/Frameworks @loader_path/Frameworks $(PROJECT_DIR)/Pods";
				PRODUCT_BUNDLE_IDENTIFIER = com.airsidemobile.Tests;
				PRODUCT_NAME = "$(TARGET_NAME)";
				SWIFT_VERSION = 5.0;
			};
			name = Release;
		};
		65FBFDE81F45CC7C005C7D68 /* Debug */ = {
			isa = XCBuildConfiguration;
			buildSettings = {
				ALWAYS_EMBED_SWIFT_STANDARD_LIBRARIES = "$(inherited)";
				ALWAYS_SEARCH_USER_PATHS = NO;
				CLANG_ANALYZER_LOCALIZABILITY_NONLOCALIZED = YES;
				CLANG_ANALYZER_NONNULL = YES;
				CLANG_ANALYZER_NUMBER_OBJECT_CONVERSION = YES_AGGRESSIVE;
				CLANG_CXX_LANGUAGE_STANDARD = "gnu++0x";
				CLANG_CXX_LIBRARY = "libc++";
				CLANG_ENABLE_MODULES = YES;
				CLANG_ENABLE_OBJC_ARC = YES;
				CLANG_WARN_BLOCK_CAPTURE_AUTORELEASING = YES;
				CLANG_WARN_BOOL_CONVERSION = YES;
				CLANG_WARN_COMMA = YES;
				CLANG_WARN_CONSTANT_CONVERSION = YES;
				CLANG_WARN_DEPRECATED_OBJC_IMPLEMENTATIONS = YES;
				CLANG_WARN_DIRECT_OBJC_ISA_USAGE = YES_ERROR;
				CLANG_WARN_DOCUMENTATION_COMMENTS = YES;
				CLANG_WARN_EMPTY_BODY = YES;
				CLANG_WARN_ENUM_CONVERSION = YES;
				CLANG_WARN_INFINITE_RECURSION = YES;
				CLANG_WARN_INT_CONVERSION = YES;
				CLANG_WARN_NON_LITERAL_NULL_CONVERSION = YES;
				CLANG_WARN_OBJC_IMPLICIT_RETAIN_SELF = YES;
				CLANG_WARN_OBJC_LITERAL_CONVERSION = YES;
				CLANG_WARN_OBJC_ROOT_CLASS = YES_ERROR;
				CLANG_WARN_QUOTED_INCLUDE_IN_FRAMEWORK_HEADER = YES;
				CLANG_WARN_RANGE_LOOP_ANALYSIS = YES;
				CLANG_WARN_STRICT_PROTOTYPES = YES;
				CLANG_WARN_SUSPICIOUS_MOVE = YES;
				CLANG_WARN_UNREACHABLE_CODE = YES;
				CLANG_WARN__DUPLICATE_METHOD_MATCH = YES;
				"CODE_SIGN_IDENTITY[sdk=iphoneos*]" = "iPhone Developer";
				COPY_PHASE_STRIP = NO;
				CURRENT_PROJECT_VERSION = 1;
				DEBUG_INFORMATION_FORMAT = dwarf;
				ENABLE_STRICT_OBJC_MSGSEND = YES;
				ENABLE_TESTABILITY = YES;
				GCC_C_LANGUAGE_STANDARD = gnu99;
				GCC_DYNAMIC_NO_PIC = NO;
				GCC_NO_COMMON_BLOCKS = YES;
				GCC_OPTIMIZATION_LEVEL = 0;
				GCC_PREPROCESSOR_DEFINITIONS = (
					"DEBUG=1",
					"$(inherited)",
				);
				GCC_WARN_64_TO_32_BIT_CONVERSION = YES;
				GCC_WARN_ABOUT_RETURN_TYPE = YES_ERROR;
				GCC_WARN_UNDECLARED_SELECTOR = YES;
				GCC_WARN_UNINITIALIZED_AUTOS = YES_AGGRESSIVE;
				GCC_WARN_UNUSED_FUNCTION = YES;
				GCC_WARN_UNUSED_VARIABLE = YES;
				IPHONEOS_DEPLOYMENT_TARGET = 10.0;
				MTL_ENABLE_DEBUG_INFO = YES;
				ONLY_ACTIVE_ARCH = YES;
				SDKROOT = iphoneos;
				SWIFT_ACTIVE_COMPILATION_CONDITIONS = DEBUG;
				SWIFT_OPTIMIZATION_LEVEL = "-Onone";
				SWIFT_VERSION = 4.2;
				TARGETED_DEVICE_FAMILY = "1,2";
				VERSIONING_SYSTEM = "apple-generic";
				VERSION_INFO_PREFIX = "";
			};
			name = Debug;
		};
		65FBFDE91F45CC7C005C7D68 /* Release */ = {
			isa = XCBuildConfiguration;
			buildSettings = {
				ALWAYS_EMBED_SWIFT_STANDARD_LIBRARIES = "$(inherited)";
				ALWAYS_SEARCH_USER_PATHS = NO;
				CLANG_ANALYZER_LOCALIZABILITY_NONLOCALIZED = YES;
				CLANG_ANALYZER_NONNULL = YES;
				CLANG_ANALYZER_NUMBER_OBJECT_CONVERSION = YES_AGGRESSIVE;
				CLANG_CXX_LANGUAGE_STANDARD = "gnu++0x";
				CLANG_CXX_LIBRARY = "libc++";
				CLANG_ENABLE_MODULES = YES;
				CLANG_ENABLE_OBJC_ARC = YES;
				CLANG_WARN_BLOCK_CAPTURE_AUTORELEASING = YES;
				CLANG_WARN_BOOL_CONVERSION = YES;
				CLANG_WARN_COMMA = YES;
				CLANG_WARN_CONSTANT_CONVERSION = YES;
				CLANG_WARN_DEPRECATED_OBJC_IMPLEMENTATIONS = YES;
				CLANG_WARN_DIRECT_OBJC_ISA_USAGE = YES_ERROR;
				CLANG_WARN_DOCUMENTATION_COMMENTS = YES;
				CLANG_WARN_EMPTY_BODY = YES;
				CLANG_WARN_ENUM_CONVERSION = YES;
				CLANG_WARN_INFINITE_RECURSION = YES;
				CLANG_WARN_INT_CONVERSION = YES;
				CLANG_WARN_NON_LITERAL_NULL_CONVERSION = YES;
				CLANG_WARN_OBJC_IMPLICIT_RETAIN_SELF = YES;
				CLANG_WARN_OBJC_LITERAL_CONVERSION = YES;
				CLANG_WARN_OBJC_ROOT_CLASS = YES_ERROR;
				CLANG_WARN_QUOTED_INCLUDE_IN_FRAMEWORK_HEADER = YES;
				CLANG_WARN_RANGE_LOOP_ANALYSIS = YES;
				CLANG_WARN_STRICT_PROTOTYPES = YES;
				CLANG_WARN_SUSPICIOUS_MOVE = YES;
				CLANG_WARN_UNREACHABLE_CODE = YES;
				CLANG_WARN__DUPLICATE_METHOD_MATCH = YES;
				"CODE_SIGN_IDENTITY[sdk=iphoneos*]" = "iPhone Developer";
				COPY_PHASE_STRIP = NO;
				CURRENT_PROJECT_VERSION = 1;
				DEBUG_INFORMATION_FORMAT = "dwarf-with-dsym";
				ENABLE_NS_ASSERTIONS = NO;
				ENABLE_STRICT_OBJC_MSGSEND = YES;
				GCC_C_LANGUAGE_STANDARD = gnu99;
				GCC_NO_COMMON_BLOCKS = YES;
				GCC_WARN_64_TO_32_BIT_CONVERSION = YES;
				GCC_WARN_ABOUT_RETURN_TYPE = YES_ERROR;
				GCC_WARN_UNDECLARED_SELECTOR = YES;
				GCC_WARN_UNINITIALIZED_AUTOS = YES_AGGRESSIVE;
				GCC_WARN_UNUSED_FUNCTION = YES;
				GCC_WARN_UNUSED_VARIABLE = YES;
				IPHONEOS_DEPLOYMENT_TARGET = 10.0;
				MTL_ENABLE_DEBUG_INFO = NO;
				SDKROOT = iphoneos;
				SWIFT_OPTIMIZATION_LEVEL = "-Owholemodule";
				SWIFT_VERSION = 4.2;
				TARGETED_DEVICE_FAMILY = "1,2";
				VALIDATE_PRODUCT = YES;
				VERSIONING_SYSTEM = "apple-generic";
				VERSION_INFO_PREFIX = "";
			};
			name = Release;
		};
		65FBFDEB1F45CC7C005C7D68 /* Debug */ = {
			isa = XCBuildConfiguration;
			buildSettings = {
				ALWAYS_EMBED_SWIFT_STANDARD_LIBRARIES = "$(inherited)";
				CLANG_ENABLE_MODULES = YES;
				CODE_SIGN_IDENTITY = "";
				DEFINES_MODULE = YES;
				DEVELOPMENT_TEAM = 4857DE3DAC;
				DYLIB_COMPATIBILITY_VERSION = 1;
				DYLIB_CURRENT_VERSION = 1;
				DYLIB_INSTALL_NAME_BASE = "@rpath";
				INFOPLIST_FILE = JOSESwift/Support/Info.plist;
				INSTALL_PATH = "$(LOCAL_LIBRARY_DIR)/Frameworks";
				LD_RUNPATH_SEARCH_PATHS = "$(inherited) @executable_path/Frameworks @loader_path/Frameworks";
				PRODUCT_BUNDLE_IDENTIFIER = com.airsidemobile.JOSESwift;
				PRODUCT_NAME = "$(TARGET_NAME)";
				SKIP_INSTALL = YES;
				SWIFT_OPTIMIZATION_LEVEL = "-Onone";
				SWIFT_VERSION = 5.0;
			};
			name = Debug;
		};
		65FBFDEC1F45CC7C005C7D68 /* Release */ = {
			isa = XCBuildConfiguration;
			buildSettings = {
				ALWAYS_EMBED_SWIFT_STANDARD_LIBRARIES = "$(inherited)";
				CLANG_ENABLE_MODULES = YES;
				CODE_SIGN_IDENTITY = "";
				DEFINES_MODULE = YES;
				DEVELOPMENT_TEAM = 4857DE3DAC;
				DYLIB_COMPATIBILITY_VERSION = 1;
				DYLIB_CURRENT_VERSION = 1;
				DYLIB_INSTALL_NAME_BASE = "@rpath";
				INFOPLIST_FILE = JOSESwift/Support/Info.plist;
				INSTALL_PATH = "$(LOCAL_LIBRARY_DIR)/Frameworks";
				LD_RUNPATH_SEARCH_PATHS = "$(inherited) @executable_path/Frameworks @loader_path/Frameworks";
				PRODUCT_BUNDLE_IDENTIFIER = com.airsidemobile.JOSESwift;
				PRODUCT_NAME = "$(TARGET_NAME)";
				SKIP_INSTALL = YES;
				SWIFT_VERSION = 5.0;
			};
			name = Release;
		};
/* End XCBuildConfiguration section */

/* Begin XCConfigurationList section */
		65A9D3E11F45CDD7004E0B61 /* Build configuration list for PBXNativeTarget "Tests" */ = {
			isa = XCConfigurationList;
			buildConfigurations = (
				65A9D3DF1F45CDD7004E0B61 /* Debug */,
				65A9D3E01F45CDD7004E0B61 /* Release */,
			);
			defaultConfigurationIsVisible = 0;
			defaultConfigurationName = Release;
		};
		65FBFDDC1F45CC7C005C7D68 /* Build configuration list for PBXProject "JOSESwift" */ = {
			isa = XCConfigurationList;
			buildConfigurations = (
				65FBFDE81F45CC7C005C7D68 /* Debug */,
				65FBFDE91F45CC7C005C7D68 /* Release */,
			);
			defaultConfigurationIsVisible = 0;
			defaultConfigurationName = Release;
		};
		65FBFDEA1F45CC7C005C7D68 /* Build configuration list for PBXNativeTarget "JOSESwift" */ = {
			isa = XCConfigurationList;
			buildConfigurations = (
				65FBFDEB1F45CC7C005C7D68 /* Debug */,
				65FBFDEC1F45CC7C005C7D68 /* Release */,
			);
			defaultConfigurationIsVisible = 0;
			defaultConfigurationName = Release;
		};
/* End XCConfigurationList section */
	};
	rootObject = 65FBFDD91F45CC7C005C7D68 /* Project object */;
}
