// !$*UTF8*$!
{
	archiveVersion = 1;
	classes = {
	};
	objectVersion = 46;
	objects = {

/* Begin PBXBuildFile section */
		6546EC901F45D09400A7D753 /* AppDelegate.swift in Sources */ = {isa = PBXBuildFile; fileRef = 6546EC8F1F45D09400A7D753 /* AppDelegate.swift */; };
		6546EC921F45D09400A7D753 /* ViewController.swift in Sources */ = {isa = PBXBuildFile; fileRef = 6546EC911F45D09400A7D753 /* ViewController.swift */; };
		6546EC951F45D09400A7D753 /* Main.storyboard in Resources */ = {isa = PBXBuildFile; fileRef = 6546EC931F45D09400A7D753 /* Main.storyboard */; };
		6546EC971F45D09400A7D753 /* Assets.xcassets in Resources */ = {isa = PBXBuildFile; fileRef = 6546EC961F45D09400A7D753 /* Assets.xcassets */; };
		6546EC9A1F45D09400A7D753 /* LaunchScreen.storyboard in Resources */ = {isa = PBXBuildFile; fileRef = 6546EC981F45D09400A7D753 /* LaunchScreen.storyboard */; };
		6546ECB01F45D0F100A7D753 /* SwiftJOSE.framework in Frameworks */ = {isa = PBXBuildFile; fileRef = 6546ECAD1F45D0E600A7D753 /* SwiftJOSE.framework */; };
		6546ECB11F45D0F100A7D753 /* SwiftJOSE.framework in Embed Frameworks */ = {isa = PBXBuildFile; fileRef = 6546ECAD1F45D0E600A7D753 /* SwiftJOSE.framework */; settings = {ATTRIBUTES = (CodeSignOnCopy, RemoveHeadersOnCopy, ); }; };
/* End PBXBuildFile section */

/* Begin PBXContainerItemProxy section */
		6546ECAC1F45D0E600A7D753 /* PBXContainerItemProxy */ = {
			isa = PBXContainerItemProxy;
			containerPortal = 6546ECA71F45D0E600A7D753 /* SwiftJOSE.xcodeproj */;
			proxyType = 2;
			remoteGlobalIDString = 65FBFDE21F45CC7C005C7D68;
			remoteInfo = SwiftJOSE;
		};
		6546ECAE1F45D0E600A7D753 /* PBXContainerItemProxy */ = {
			isa = PBXContainerItemProxy;
			containerPortal = 6546ECA71F45D0E600A7D753 /* SwiftJOSE.xcodeproj */;
			proxyType = 2;
			remoteGlobalIDString = 65A9D3D71F45CDD7004E0B61;
			remoteInfo = Tests;
		};
		6546ECB21F45D0F100A7D753 /* PBXContainerItemProxy */ = {
			isa = PBXContainerItemProxy;
			containerPortal = 6546ECA71F45D0E600A7D753 /* SwiftJOSE.xcodeproj */;
			proxyType = 1;
			remoteGlobalIDString = 65FBFDE11F45CC7C005C7D68;
			remoteInfo = SwiftJOSE;
		};
/* End PBXContainerItemProxy section */

/* Begin PBXCopyFilesBuildPhase section */
		6546ECB41F45D0F100A7D753 /* Embed Frameworks */ = {
			isa = PBXCopyFilesBuildPhase;
			buildActionMask = 2147483647;
			dstPath = "";
			dstSubfolderSpec = 10;
			files = (
				6546ECB11F45D0F100A7D753 /* SwiftJOSE.framework in Embed Frameworks */,
			);
			name = "Embed Frameworks";
			runOnlyForDeploymentPostprocessing = 0;
		};
/* End PBXCopyFilesBuildPhase section */

/* Begin PBXFileReference section */
		6546EC8C1F45D09400A7D753 /* ExampleApp.app */ = {isa = PBXFileReference; explicitFileType = wrapper.application; includeInIndex = 0; path = ExampleApp.app; sourceTree = BUILT_PRODUCTS_DIR; };
		6546EC8F1F45D09400A7D753 /* AppDelegate.swift */ = {isa = PBXFileReference; lastKnownFileType = sourcecode.swift; path = AppDelegate.swift; sourceTree = "<group>"; };
		6546EC911F45D09400A7D753 /* ViewController.swift */ = {isa = PBXFileReference; lastKnownFileType = sourcecode.swift; path = ViewController.swift; sourceTree = "<group>"; };
		6546EC941F45D09400A7D753 /* Base */ = {isa = PBXFileReference; lastKnownFileType = file.storyboard; name = Base; path = Base.lproj/Main.storyboard; sourceTree = "<group>"; };
		6546EC961F45D09400A7D753 /* Assets.xcassets */ = {isa = PBXFileReference; lastKnownFileType = folder.assetcatalog; path = Assets.xcassets; sourceTree = "<group>"; };
		6546EC991F45D09400A7D753 /* Base */ = {isa = PBXFileReference; lastKnownFileType = file.storyboard; name = Base; path = Base.lproj/LaunchScreen.storyboard; sourceTree = "<group>"; };
		6546EC9B1F45D09400A7D753 /* Info.plist */ = {isa = PBXFileReference; lastKnownFileType = text.plist.xml; path = Info.plist; sourceTree = "<group>"; };
		6546ECA71F45D0E600A7D753 /* SwiftJOSE.xcodeproj */ = {isa = PBXFileReference; lastKnownFileType = "wrapper.pb-project"; name = SwiftJOSE.xcodeproj; path = ../SwiftJOSE.xcodeproj; sourceTree = "<group>"; };
/* End PBXFileReference section */

/* Begin PBXFrameworksBuildPhase section */
		6546EC891F45D09400A7D753 /* Frameworks */ = {
			isa = PBXFrameworksBuildPhase;
			buildActionMask = 2147483647;
			files = (
				6546ECB01F45D0F100A7D753 /* SwiftJOSE.framework in Frameworks */,
			);
			runOnlyForDeploymentPostprocessing = 0;
		};
/* End PBXFrameworksBuildPhase section */

/* Begin PBXGroup section */
		6546EC831F45D09400A7D753 = {
			isa = PBXGroup;
			children = (
				6546ECA71F45D0E600A7D753 /* SwiftJOSE.xcodeproj */,
				6546EC8E1F45D09400A7D753 /* ExampleApp */,
				6546EC8D1F45D09400A7D753 /* Products */,
			);
			sourceTree = "<group>";
		};
		6546EC8D1F45D09400A7D753 /* Products */ = {
			isa = PBXGroup;
			children = (
				6546EC8C1F45D09400A7D753 /* ExampleApp.app */,
			);
			name = Products;
			sourceTree = "<group>";
		};
		6546EC8E1F45D09400A7D753 /* ExampleApp */ = {
			isa = PBXGroup;
			children = (
				6546EC8F1F45D09400A7D753 /* AppDelegate.swift */,
				6546EC911F45D09400A7D753 /* ViewController.swift */,
				6546EC931F45D09400A7D753 /* Main.storyboard */,
				6546EC961F45D09400A7D753 /* Assets.xcassets */,
				6546EC981F45D09400A7D753 /* LaunchScreen.storyboard */,
				6546EC9B1F45D09400A7D753 /* Info.plist */,
			);
			path = ExampleApp;
			sourceTree = "<group>";
		};
		6546ECA81F45D0E600A7D753 /* Products */ = {
			isa = PBXGroup;
			children = (
				6546ECAD1F45D0E600A7D753 /* SwiftJOSE.framework */,
				6546ECAF1F45D0E600A7D753 /* Tests.xctest */,
			);
			name = Products;
			sourceTree = "<group>";
		};
/* End PBXGroup section */

/* Begin PBXNativeTarget section */
		6546EC8B1F45D09400A7D753 /* ExampleApp */ = {
			isa = PBXNativeTarget;
			buildConfigurationList = 6546EC9E1F45D09400A7D753 /* Build configuration list for PBXNativeTarget "ExampleApp" */;
			buildPhases = (
				6546EC881F45D09400A7D753 /* Sources */,
				6546EC891F45D09400A7D753 /* Frameworks */,
				6546EC8A1F45D09400A7D753 /* Resources */,
				6546ECB41F45D0F100A7D753 /* Embed Frameworks */,
			);
			buildRules = (
			);
			dependencies = (
				6546ECB31F45D0F100A7D753 /* PBXTargetDependency */,
			);
			name = ExampleApp;
			productName = ExampleApp;
			productReference = 6546EC8C1F45D09400A7D753 /* ExampleApp.app */;
			productType = "com.apple.product-type.application";
		};
/* End PBXNativeTarget section */

/* Begin PBXProject section */
		6546EC841F45D09400A7D753 /* Project object */ = {
			isa = PBXProject;
			attributes = {
				LastSwiftUpdateCheck = 0830;
				LastUpgradeCheck = 0830;
				ORGANIZATIONNAME = "Airside Mobile, Inc.";
				TargetAttributes = {
					6546EC8B1F45D09400A7D753 = {
						CreatedOnToolsVersion = 8.3.3;
						DevelopmentTeam = 4857DE3DAC;
						ProvisioningStyle = Automatic;
					};
				};
			};
			buildConfigurationList = 6546EC871F45D09400A7D753 /* Build configuration list for PBXProject "ExampleApp" */;
			compatibilityVersion = "Xcode 3.2";
			developmentRegion = English;
			hasScannedForEncodings = 0;
			knownRegions = (
				en,
				Base,
			);
			mainGroup = 6546EC831F45D09400A7D753;
			productRefGroup = 6546EC8D1F45D09400A7D753 /* Products */;
			projectDirPath = "";
			projectReferences = (
				{
					ProductGroup = 6546ECA81F45D0E600A7D753 /* Products */;
					ProjectRef = 6546ECA71F45D0E600A7D753 /* SwiftJOSE.xcodeproj */;
				},
			);
			projectRoot = "";
			targets = (
				6546EC8B1F45D09400A7D753 /* ExampleApp */,
			);
		};
/* End PBXProject section */

/* Begin PBXReferenceProxy section */
		6546ECAD1F45D0E600A7D753 /* SwiftJOSE.framework */ = {
			isa = PBXReferenceProxy;
			fileType = wrapper.framework;
			path = SwiftJOSE.framework;
			remoteRef = 6546ECAC1F45D0E600A7D753 /* PBXContainerItemProxy */;
			sourceTree = BUILT_PRODUCTS_DIR;
		};
		6546ECAF1F45D0E600A7D753 /* Tests.xctest */ = {
			isa = PBXReferenceProxy;
			fileType = wrapper.cfbundle;
			path = Tests.xctest;
			remoteRef = 6546ECAE1F45D0E600A7D753 /* PBXContainerItemProxy */;
			sourceTree = BUILT_PRODUCTS_DIR;
		};
/* End PBXReferenceProxy section */

/* Begin PBXResourcesBuildPhase section */
		6546EC8A1F45D09400A7D753 /* Resources */ = {
			isa = PBXResourcesBuildPhase;
			buildActionMask = 2147483647;
			files = (
				6546EC9A1F45D09400A7D753 /* LaunchScreen.storyboard in Resources */,
				6546EC971F45D09400A7D753 /* Assets.xcassets in Resources */,
				6546EC951F45D09400A7D753 /* Main.storyboard in Resources */,
			);
			runOnlyForDeploymentPostprocessing = 0;
		};
/* End PBXResourcesBuildPhase section */

/* Begin PBXSourcesBuildPhase section */
		6546EC881F45D09400A7D753 /* Sources */ = {
			isa = PBXSourcesBuildPhase;
			buildActionMask = 2147483647;
			files = (
				6546EC921F45D09400A7D753 /* ViewController.swift in Sources */,
				6546EC901F45D09400A7D753 /* AppDelegate.swift in Sources */,
			);
			runOnlyForDeploymentPostprocessing = 0;
		};
/* End PBXSourcesBuildPhase section */

/* Begin PBXTargetDependency section */
		6546ECB31F45D0F100A7D753 /* PBXTargetDependency */ = {
			isa = PBXTargetDependency;
			name = SwiftJOSE;
			targetProxy = 6546ECB21F45D0F100A7D753 /* PBXContainerItemProxy */;
		};
/* End PBXTargetDependency section */

/* Begin PBXVariantGroup section */
		6546EC931F45D09400A7D753 /* Main.storyboard */ = {
			isa = PBXVariantGroup;
			children = (
				6546EC941F45D09400A7D753 /* Base */,
			);
			name = Main.storyboard;
			sourceTree = "<group>";
		};
		6546EC981F45D09400A7D753 /* LaunchScreen.storyboard */ = {
			isa = PBXVariantGroup;
			children = (
				6546EC991F45D09400A7D753 /* Base */,
			);
			name = LaunchScreen.storyboard;
			sourceTree = "<group>";
		};
/* End PBXVariantGroup section */

/* Begin XCBuildConfiguration section */
		6546EC9C1F45D09400A7D753 /* Debug */ = {
			isa = XCBuildConfiguration;
			buildSettings = {
				ALWAYS_SEARCH_USER_PATHS = NO;
				CLANG_ANALYZER_NONNULL = YES;
				CLANG_ANALYZER_NUMBER_OBJECT_CONVERSION = YES_AGGRESSIVE;
				CLANG_CXX_LANGUAGE_STANDARD = "gnu++0x";
				CLANG_CXX_LIBRARY = "libc++";
				CLANG_ENABLE_MODULES = YES;
				CLANG_ENABLE_OBJC_ARC = YES;
				CLANG_WARN_BOOL_CONVERSION = YES;
				CLANG_WARN_CONSTANT_CONVERSION = YES;
				CLANG_WARN_DIRECT_OBJC_ISA_USAGE = YES_ERROR;
				CLANG_WARN_DOCUMENTATION_COMMENTS = YES;
				CLANG_WARN_EMPTY_BODY = YES;
				CLANG_WARN_ENUM_CONVERSION = YES;
				CLANG_WARN_INFINITE_RECURSION = YES;
				CLANG_WARN_INT_CONVERSION = YES;
				CLANG_WARN_OBJC_ROOT_CLASS = YES_ERROR;
				CLANG_WARN_SUSPICIOUS_MOVE = YES;
				CLANG_WARN_UNREACHABLE_CODE = YES;
				CLANG_WARN__DUPLICATE_METHOD_MATCH = YES;
				"CODE_SIGN_IDENTITY[sdk=iphoneos*]" = "iPhone Developer";
				COPY_PHASE_STRIP = NO;
				DEBUG_INFORMATION_FORMAT = dwarf;
				ENABLE_STRICT_OBJC_MSGSEND = YES;
				ENABLE_TESTABILITY = YES;
				GCC_C_LANGUAGE_STANDARD = gnu99;
				GCC_DYNAMIC_NO_PIC = NO;
				GCC_NO_COMMON_BLOCKS = YES;
				GCC_OPTIMIZATION_LEVEL = 0;
				GCC_PREPROCESSOR_DEFINITIONS = (
					"DEBUG=1",
					"$(inherited)",
				);
				GCC_WARN_64_TO_32_BIT_CONVERSION = YES;
				GCC_WARN_ABOUT_RETURN_TYPE = YES_ERROR;
				GCC_WARN_UNDECLARED_SELECTOR = YES;
				GCC_WARN_UNINITIALIZED_AUTOS = YES_AGGRESSIVE;
				GCC_WARN_UNUSED_FUNCTION = YES;
				GCC_WARN_UNUSED_VARIABLE = YES;
				IPHONEOS_DEPLOYMENT_TARGET = 10.3;
				MTL_ENABLE_DEBUG_INFO = YES;
				ONLY_ACTIVE_ARCH = YES;
				SDKROOT = iphoneos;
				SWIFT_ACTIVE_COMPILATION_CONDITIONS = DEBUG;
				SWIFT_OPTIMIZATION_LEVEL = "-Onone";
				TARGETED_DEVICE_FAMILY = "1,2";
			};
			name = Debug;
		};
		6546EC9D1F45D09400A7D753 /* Release */ = {
			isa = XCBuildConfiguration;
			buildSettings = {
				ALWAYS_SEARCH_USER_PATHS = NO;
				CLANG_ANALYZER_NONNULL = YES;
				CLANG_ANALYZER_NUMBER_OBJECT_CONVERSION = YES_AGGRESSIVE;
				CLANG_CXX_LANGUAGE_STANDARD = "gnu++0x";
				CLANG_CXX_LIBRARY = "libc++";
				CLANG_ENABLE_MODULES = YES;
				CLANG_ENABLE_OBJC_ARC = YES;
				CLANG_WARN_BOOL_CONVERSION = YES;
				CLANG_WARN_CONSTANT_CONVERSION = YES;
				CLANG_WARN_DIRECT_OBJC_ISA_USAGE = YES_ERROR;
				CLANG_WARN_DOCUMENTATION_COMMENTS = YES;
				CLANG_WARN_EMPTY_BODY = YES;
				CLANG_WARN_ENUM_CONVERSION = YES;
				CLANG_WARN_INFINITE_RECURSION = YES;
				CLANG_WARN_INT_CONVERSION = YES;
				CLANG_WARN_OBJC_ROOT_CLASS = YES_ERROR;
				CLANG_WARN_SUSPICIOUS_MOVE = YES;
				CLANG_WARN_UNREACHABLE_CODE = YES;
				CLANG_WARN__DUPLICATE_METHOD_MATCH = YES;
				"CODE_SIGN_IDENTITY[sdk=iphoneos*]" = "iPhone Developer";
				COPY_PHASE_STRIP = NO;
				DEBUG_INFORMATION_FORMAT = "dwarf-with-dsym";
				ENABLE_NS_ASSERTIONS = NO;
				ENABLE_STRICT_OBJC_MSGSEND = YES;
				GCC_C_LANGUAGE_STANDARD = gnu99;
				GCC_NO_COMMON_BLOCKS = YES;
				GCC_WARN_64_TO_32_BIT_CONVERSION = YES;
				GCC_WARN_ABOUT_RETURN_TYPE = YES_ERROR;
				GCC_WARN_UNDECLARED_SELECTOR = YES;
				GCC_WARN_UNINITIALIZED_AUTOS = YES_AGGRESSIVE;
				GCC_WARN_UNUSED_FUNCTION = YES;
				GCC_WARN_UNUSED_VARIABLE = YES;
				IPHONEOS_DEPLOYMENT_TARGET = 10.3;
				MTL_ENABLE_DEBUG_INFO = NO;
				SDKROOT = iphoneos;
				SWIFT_OPTIMIZATION_LEVEL = "-Owholemodule";
				TARGETED_DEVICE_FAMILY = "1,2";
				VALIDATE_PRODUCT = YES;
			};
			name = Release;
		};
		6546EC9F1F45D09400A7D753 /* Debug */ = {
			isa = XCBuildConfiguration;
			buildSettings = {
				ALWAYS_EMBED_SWIFT_STANDARD_LIBRARIES = YES;
				ASSETCATALOG_COMPILER_APPICON_NAME = AppIcon;
				DEVELOPMENT_TEAM = 4857DE3DAC;
				FRAMEWORK_SEARCH_PATHS = "$(SRCROOT)/**";
				INFOPLIST_FILE = ExampleApp/Info.plist;
				LD_RUNPATH_SEARCH_PATHS = "$(inherited) @executable_path/Frameworks";
				PRODUCT_BUNDLE_IDENTIFIER = com.airsidemobile.ExampleApp;
				PRODUCT_NAME = "$(TARGET_NAME)";
				SWIFT_VERSION = 3.0;
			};
			name = Debug;
		};
		6546ECA01F45D09400A7D753 /* Release */ = {
			isa = XCBuildConfiguration;
			buildSettings = {
				ALWAYS_EMBED_SWIFT_STANDARD_LIBRARIES = YES;
				ASSETCATALOG_COMPILER_APPICON_NAME = AppIcon;
				DEVELOPMENT_TEAM = 4857DE3DAC;
				FRAMEWORK_SEARCH_PATHS = "$(SRCROOT)/**";
				INFOPLIST_FILE = ExampleApp/Info.plist;
				LD_RUNPATH_SEARCH_PATHS = "$(inherited) @executable_path/Frameworks";
				PRODUCT_BUNDLE_IDENTIFIER = com.airsidemobile.ExampleApp;
				PRODUCT_NAME = "$(TARGET_NAME)";
				SWIFT_VERSION = 3.0;
			};
			name = Release;
		};
/* End XCBuildConfiguration section */

/* Begin XCConfigurationList section */
		6546EC871F45D09400A7D753 /* Build configuration list for PBXProject "ExampleApp" */ = {
			isa = XCConfigurationList;
			buildConfigurations = (
				6546EC9C1F45D09400A7D753 /* Debug */,
				6546EC9D1F45D09400A7D753 /* Release */,
			);
			defaultConfigurationIsVisible = 0;
			defaultConfigurationName = Release;
		};
		6546EC9E1F45D09400A7D753 /* Build configuration list for PBXNativeTarget "ExampleApp" */ = {
			isa = XCConfigurationList;
			buildConfigurations = (
				6546EC9F1F45D09400A7D753 /* Debug */,
				6546ECA01F45D09400A7D753 /* Release */,
			);
			defaultConfigurationIsVisible = 0;
			defaultConfigurationName = Release;
		};
/* End XCConfigurationList section */
	};
	rootObject = 6546EC841F45D09400A7D753 /* Project object */;
}
